Microsoft Visual Studio Solution File, Format Version 12.00
# Visual Studio Version 16
VisualStudioVersion = 16.0.0.0
MinimumVisualStudioVersion = 16.0.0.0
Project("{9A19103F-16F7-4668-BE54-9A1E7A4F7556}") = "auth-intWebAssembly-e", "auth-intWebAssembly-e\auth-intWebAssembly-e.csproj", "{D2CC2126-6A14-4DC8-A97D-C1EF9B21808B}"
EndProject
Project("{9A19103F-16F7-4668-BE54-9A1E7A4F7556}") = "auth-intWebAssembly-e.Client", "auth-intWebAssembly-e.Client\auth-intWebAssembly-e.Client.csproj", "{E9719BA1-2728-4EB3-9A83-896F9186CA8B}"
EndProject
Global
	GlobalSection(SolutionConfigurationPlatforms) = preSolution
		Debug|Any CPU = Debug|Any CPU
		Debug|x64 = Debug|x64
		Debug|x86 = Debug|x86
		Release|Any CPU = Release|Any CPU
		Release|x64 = Release|x64
		Release|x86 = Release|x86
	EndGlobalSection
	GlobalSection(ProjectConfigurationPlatforms) = postSolution
		{E9719BA1-2728-4EB3-9A83-896F9186CA8B}.Debug|Any CPU.ActiveCfg = Debug|Any CPU
		{E9719BA1-2728-4EB3-9A83-896F9186CA8B}.Debug|Any CPU.Build.0 = Debug|Any CPU
		{E9719BA1-2728-4EB3-9A83-896F9186CA8B}.Debug|x64.ActiveCfg = Debug|Any CPU
		{E9719BA1-2728-4EB3-9A83-896F9186CA8B}.Debug|x64.Build.0 = Debug|Any CPU
		{E9719BA1-2728-4EB3-9A83-896F9186CA8B}.Debug|x86.ActiveCfg = Debug|Any CPU
		{E9719BA1-2728-4EB3-9A83-896F9186CA8B}.Debug|x86.Build.0 = Debug|Any CPU
		{E9719BA1-2728-4EB3-9A83-896F9186CA8B}.Release|Any CPU.ActiveCfg = Release|Any CPU
		{E9719BA1-2728-4EB3-9A83-896F9186CA8B}.Release|Any CPU.Build.0 = Release|Any CPU
		{E9719BA1-2728-4EB3-9A83-896F9186CA8B}.Release|x64.ActiveCfg = Release|Any CPU
		{E9719BA1-2728-4EB3-9A83-896F9186CA8B}.Release|x64.Build.0 = Release|Any CPU
		{E9719BA1-2728-4EB3-9A83-896F9186CA8B}.Release|x86.ActiveCfg = Release|Any CPU
		{E9719BA1-2728-4EB3-9A83-896F9186CA8B}.Release|x86.Build.0 = Release|Any CPU
		{D2CC2126-6A14-4DC8-A97D-C1EF9B21808B}.Debug|Any CPU.ActiveCfg = Debug|Any CPU
		{D2CC2126-6A14-4DC8-A97D-C1EF9B21808B}.Debug|Any CPU.Build.0 = Debug|Any CPU
		{D2CC2126-6A14-4DC8-A97D-C1EF9B21808B}.Debug|x64.ActiveCfg = Debug|Any CPU
		{D2CC2126-6A14-4DC8-A97D-C1EF9B21808B}.Debug|x64.Build.0 = Debug|Any CPU
		{D2CC2126-6A14-4DC8-A97D-C1EF9B21808B}.Debug|x86.ActiveCfg = Debug|Any CPU
		{D2CC2126-6A14-4DC8-A97D-C1EF9B21808B}.Debug|x86.Build.0 = Debug|Any CPU
		{D2CC2126-6A14-4DC8-A97D-C1EF9B21808B}.Release|Any CPU.ActiveCfg = Release|Any CPU
		{D2CC2126-6A14-4DC8-A97D-C1EF9B21808B}.Release|Any CPU.Build.0 = Release|Any CPU
		{D2CC2126-6A14-4DC8-A97D-C1EF9B21808B}.Release|x64.ActiveCfg = Release|Any CPU
		{D2CC2126-6A14-4DC8-A97D-C1EF9B21808B}.Release|x64.Build.0 = Release|Any CPU
		{D2CC2126-6A14-4DC8-A97D-C1EF9B21808B}.Release|x86.ActiveCfg = Release|Any CPU
		{D2CC2126-6A14-4DC8-A97D-C1EF9B21808B}.Release|x86.Build.0 = Release|Any CPU
	EndGlobalSection
	GlobalSection(SolutionProperties) = preSolution
		HideSolutionNode = FALSE
	EndGlobalSection
	GlobalSection(ExtensibilityGlobals) = postSolution
		SolutionGuid = {0165B3DD-EBC9-4983-9FF3-4DBCCFDB09E0}
	EndGlobalSection
EndGlobal
