Microsoft Visual Studio Solution File, Format Version 12.00
# Visual Studio Version 16
VisualStudioVersion = 16.0.0.0
MinimumVisualStudioVersion = 16.0.0.0
Project("{9A19103F-16F7-4668-BE54-9A1E7A4F7556}") = "noAuth-intWebAssembly-uld-e-upm", "noAuth-intWebAssembly-uld-e-upm\noAuth-intWebAssembly-uld-e-upm.csproj", "{B70CB467-58CC-481A-AD3C-D446449A3CB7}"
EndProject
Project("{9A19103F-16F7-4668-BE54-9A1E7A4F7556}") = "noAuth-intWebAssembly-uld-e-upm.Client", "noAuth-intWebAssembly-uld-e-upm.Client\noAuth-intWebAssembly-uld-e-upm.Client.csproj", "{1FF0EB63-4B1E-454F-B0B9-E8CBB82C2DCF}"
EndProject
Global
	GlobalSection(SolutionConfigurationPlatforms) = preSolution
		Debug|Any CPU = Debug|Any CPU
		Debug|x64 = Debug|x64
		Debug|x86 = Debug|x86
		Release|Any CPU = Release|Any CPU
		Release|x64 = Release|x64
		Release|x86 = Release|x86
	EndGlobalSection
	GlobalSection(ProjectConfigurationPlatforms) = postSolution
		{1FF0EB63-4B1E-454F-B0B9-E8CBB82C2DCF}.Debug|Any CPU.ActiveCfg = Debug|Any CPU
		{1FF0EB63-4B1E-454F-B0B9-E8CBB82C2DCF}.Debug|Any CPU.Build.0 = Debug|Any CPU
		{1FF0EB63-4B1E-454F-B0B9-E8CBB82C2DCF}.Debug|x64.ActiveCfg = Debug|Any CPU
		{1FF0EB63-4B1E-454F-B0B9-E8CBB82C2DCF}.Debug|x64.Build.0 = Debug|Any CPU
		{1FF0EB63-4B1E-454F-B0B9-E8CBB82C2DCF}.Debug|x86.ActiveCfg = Debug|Any CPU
		{1FF0EB63-4B1E-454F-B0B9-E8CBB82C2DCF}.Debug|x86.Build.0 = Debug|Any CPU
		{1FF0EB63-4B1E-454F-B0B9-E8CBB82C2DCF}.Release|Any CPU.ActiveCfg = Release|Any CPU
		{1FF0EB63-4B1E-454F-B0B9-E8CBB82C2DCF}.Release|Any CPU.Build.0 = Release|Any CPU
		{1FF0EB63-4B1E-454F-B0B9-E8CBB82C2DCF}.Release|x64.ActiveCfg = Release|Any CPU
		{1FF0EB63-4B1E-454F-B0B9-E8CBB82C2DCF}.Release|x64.Build.0 = Release|Any CPU
		{1FF0EB63-4B1E-454F-B0B9-E8CBB82C2DCF}.Release|x86.ActiveCfg = Release|Any CPU
		{1FF0EB63-4B1E-454F-B0B9-E8CBB82C2DCF}.Release|x86.Build.0 = Release|Any CPU
		{B70CB467-58CC-481A-AD3C-D446449A3CB7}.Debug|Any CPU.ActiveCfg = Debug|Any CPU
		{B70CB467-58CC-481A-AD3C-D446449A3CB7}.Debug|Any CPU.Build.0 = Debug|Any CPU
		{B70CB467-58CC-481A-AD3C-D446449A3CB7}.Debug|x64.ActiveCfg = Debug|Any CPU
		{B70CB467-58CC-481A-AD3C-D446449A3CB7}.Debug|x64.Build.0 = Debug|Any CPU
		{B70CB467-58CC-481A-AD3C-D446449A3CB7}.Debug|x86.ActiveCfg = Debug|Any CPU
		{B70CB467-58CC-481A-AD3C-D446449A3CB7}.Debug|x86.Build.0 = Debug|Any CPU
		{B70CB467-58CC-481A-AD3C-D446449A3CB7}.Release|Any CPU.ActiveCfg = Release|Any CPU
		{B70CB467-58CC-481A-AD3C-D446449A3CB7}.Release|Any CPU.Build.0 = Release|Any CPU
		{B70CB467-58CC-481A-AD3C-D446449A3CB7}.Release|x64.ActiveCfg = Release|Any CPU
		{B70CB467-58CC-481A-AD3C-D446449A3CB7}.Release|x64.Build.0 = Release|Any CPU
		{B70CB467-58CC-481A-AD3C-D446449A3CB7}.Release|x86.ActiveCfg = Release|Any CPU
		{B70CB467-58CC-481A-AD3C-D446449A3CB7}.Release|x86.Build.0 = Release|Any CPU
	EndGlobalSection
	GlobalSection(SolutionProperties) = preSolution
		HideSolutionNode = FALSE
	EndGlobalSection
	GlobalSection(ExtensibilityGlobals) = postSolution
		SolutionGuid = {116540E4-B7AB-4DCC-BC36-E10B69E88EF3}
	EndGlobalSection
EndGlobal
