Microsoft Visual Studio Solution File, Format Version 12.00
# Visual Studio Version 16
VisualStudioVersion = 16.0.0.0
MinimumVisualStudioVersion = 16.0.0.0
Project("{9A19103F-16F7-4668-BE54-9A1E7A4F7556}") = "auth-ai-intWebAssembly-uld", "auth-ai-intWebAssembly-uld\auth-ai-intWebAssembly-uld.csproj", "{FC45BDC5-9084-487B-9EF7-E5F29D1FB116}"
EndProject
Project("{9A19103F-16F7-4668-BE54-9A1E7A4F7556}") = "auth-ai-intWebAssembly-uld.Client", "auth-ai-intWebAssembly-uld.Client\auth-ai-intWebAssembly-uld.Client.csproj", "{2B6657FE-ABFF-4A55-847C-2FE2382C2363}"
EndProject
Global
	GlobalSection(SolutionConfigurationPlatforms) = preSolution
		Debug|Any CPU = Debug|Any CPU
		Debug|x64 = Debug|x64
		Debug|x86 = Debug|x86
		Release|Any CPU = Release|Any CPU
		Release|x64 = Release|x64
		Release|x86 = Release|x86
	EndGlobalSection
	GlobalSection(ProjectConfigurationPlatforms) = postSolution
		{2B6657FE-ABFF-4A55-847C-2FE2382C2363}.Debug|Any CPU.ActiveCfg = Debug|Any CPU
		{2B6657FE-ABFF-4A55-847C-2FE2382C2363}.Debug|Any CPU.Build.0 = Debug|Any CPU
		{2B6657FE-ABFF-4A55-847C-2FE2382C2363}.Debug|x64.ActiveCfg = Debug|Any CPU
		{2B6657FE-ABFF-4A55-847C-2FE2382C2363}.Debug|x64.Build.0 = Debug|Any CPU
		{2B6657FE-ABFF-4A55-847C-2FE2382C2363}.Debug|x86.ActiveCfg = Debug|Any CPU
		{2B6657FE-ABFF-4A55-847C-2FE2382C2363}.Debug|x86.Build.0 = Debug|Any CPU
		{2B6657FE-ABFF-4A55-847C-2FE2382C2363}.Release|Any CPU.ActiveCfg = Release|Any CPU
		{2B6657FE-ABFF-4A55-847C-2FE2382C2363}.Release|Any CPU.Build.0 = Release|Any CPU
		{2B6657FE-ABFF-4A55-847C-2FE2382C2363}.Release|x64.ActiveCfg = Release|Any CPU
		{2B6657FE-ABFF-4A55-847C-2FE2382C2363}.Release|x64.Build.0 = Release|Any CPU
		{2B6657FE-ABFF-4A55-847C-2FE2382C2363}.Release|x86.ActiveCfg = Release|Any CPU
		{2B6657FE-ABFF-4A55-847C-2FE2382C2363}.Release|x86.Build.0 = Release|Any CPU
		{FC45BDC5-9084-487B-9EF7-E5F29D1FB116}.Debug|Any CPU.ActiveCfg = Debug|Any CPU
		{FC45BDC5-9084-487B-9EF7-E5F29D1FB116}.Debug|Any CPU.Build.0 = Debug|Any CPU
		{FC45BDC5-9084-487B-9EF7-E5F29D1FB116}.Debug|x64.ActiveCfg = Debug|Any CPU
		{FC45BDC5-9084-487B-9EF7-E5F29D1FB116}.Debug|x64.Build.0 = Debug|Any CPU
		{FC45BDC5-9084-487B-9EF7-E5F29D1FB116}.Debug|x86.ActiveCfg = Debug|Any CPU
		{FC45BDC5-9084-487B-9EF7-E5F29D1FB116}.Debug|x86.Build.0 = Debug|Any CPU
		{FC45BDC5-9084-487B-9EF7-E5F29D1FB116}.Release|Any CPU.ActiveCfg = Release|Any CPU
		{FC45BDC5-9084-487B-9EF7-E5F29D1FB116}.Release|Any CPU.Build.0 = Release|Any CPU
		{FC45BDC5-9084-487B-9EF7-E5F29D1FB116}.Release|x64.ActiveCfg = Release|Any CPU
		{FC45BDC5-9084-487B-9EF7-E5F29D1FB116}.Release|x64.Build.0 = Release|Any CPU
		{FC45BDC5-9084-487B-9EF7-E5F29D1FB116}.Release|x86.ActiveCfg = Release|Any CPU
		{FC45BDC5-9084-487B-9EF7-E5F29D1FB116}.Release|x86.Build.0 = Release|Any CPU
	EndGlobalSection
	GlobalSection(SolutionProperties) = preSolution
		HideSolutionNode = FALSE
	EndGlobalSection
	GlobalSection(ExtensibilityGlobals) = postSolution
		SolutionGuid = {6E2D83F4-2997-4A85-B524-F5F8B7F8CF65}
	EndGlobalSection
EndGlobal
