Microsoft Visual Studio Solution File, Format Version 12.00
# Visual Studio Version 16
VisualStudioVersion = 16.0.0.0
MinimumVisualStudioVersion = 16.0.0.0
Project("{9A19103F-16F7-4668-BE54-9A1E7A4F7556}") = "noAuth-ai-intWebAssembly-upm", "noAuth-ai-intWebAssembly-upm\noAuth-ai-intWebAssembly-upm.csproj", "{2E4A927E-BC4E-43E9-8330-33F2BE93A44A}"
EndProject
Project("{9A19103F-16F7-4668-BE54-9A1E7A4F7556}") = "noAuth-ai-intWebAssembly-upm.Client", "noAuth-ai-intWebAssembly-upm.Client\noAuth-ai-intWebAssembly-upm.Client.csproj", "{0CDB510D-DB30-4862-B9B5-B8C48393931E}"
EndProject
Global
	GlobalSection(SolutionConfigurationPlatforms) = preSolution
		Debug|Any CPU = Debug|Any CPU
		Debug|x64 = Debug|x64
		Debug|x86 = Debug|x86
		Release|Any CPU = Release|Any CPU
		Release|x64 = Release|x64
		Release|x86 = Release|x86
	EndGlobalSection
	GlobalSection(ProjectConfigurationPlatforms) = postSolution
		{0CDB510D-DB30-4862-B9B5-B8C48393931E}.Debug|Any CPU.ActiveCfg = Debug|Any CPU
		{0CDB510D-DB30-4862-B9B5-B8C48393931E}.Debug|Any CPU.Build.0 = Debug|Any CPU
		{0CDB510D-DB30-4862-B9B5-B8C48393931E}.Debug|x64.ActiveCfg = Debug|Any CPU
		{0CDB510D-DB30-4862-B9B5-B8C48393931E}.Debug|x64.Build.0 = Debug|Any CPU
		{0CDB510D-DB30-4862-B9B5-B8C48393931E}.Debug|x86.ActiveCfg = Debug|Any CPU
		{0CDB510D-DB30-4862-B9B5-B8C48393931E}.Debug|x86.Build.0 = Debug|Any CPU
		{0CDB510D-DB30-4862-B9B5-B8C48393931E}.Release|Any CPU.ActiveCfg = Release|Any CPU
		{0CDB510D-DB30-4862-B9B5-B8C48393931E}.Release|Any CPU.Build.0 = Release|Any CPU
		{0CDB510D-DB30-4862-B9B5-B8C48393931E}.Release|x64.ActiveCfg = Release|Any CPU
		{0CDB510D-DB30-4862-B9B5-B8C48393931E}.Release|x64.Build.0 = Release|Any CPU
		{0CDB510D-DB30-4862-B9B5-B8C48393931E}.Release|x86.ActiveCfg = Release|Any CPU
		{0CDB510D-DB30-4862-B9B5-B8C48393931E}.Release|x86.Build.0 = Release|Any CPU
		{2E4A927E-BC4E-43E9-8330-33F2BE93A44A}.Debug|Any CPU.ActiveCfg = Debug|Any CPU
		{2E4A927E-BC4E-43E9-8330-33F2BE93A44A}.Debug|Any CPU.Build.0 = Debug|Any CPU
		{2E4A927E-BC4E-43E9-8330-33F2BE93A44A}.Debug|x64.ActiveCfg = Debug|Any CPU
		{2E4A927E-BC4E-43E9-8330-33F2BE93A44A}.Debug|x64.Build.0 = Debug|Any CPU
		{2E4A927E-BC4E-43E9-8330-33F2BE93A44A}.Debug|x86.ActiveCfg = Debug|Any CPU
		{2E4A927E-BC4E-43E9-8330-33F2BE93A44A}.Debug|x86.Build.0 = Debug|Any CPU
		{2E4A927E-BC4E-43E9-8330-33F2BE93A44A}.Release|Any CPU.ActiveCfg = Release|Any CPU
		{2E4A927E-BC4E-43E9-8330-33F2BE93A44A}.Release|Any CPU.Build.0 = Release|Any CPU
		{2E4A927E-BC4E-43E9-8330-33F2BE93A44A}.Release|x64.ActiveCfg = Release|Any CPU
		{2E4A927E-BC4E-43E9-8330-33F2BE93A44A}.Release|x64.Build.0 = Release|Any CPU
		{2E4A927E-BC4E-43E9-8330-33F2BE93A44A}.Release|x86.ActiveCfg = Release|Any CPU
		{2E4A927E-BC4E-43E9-8330-33F2BE93A44A}.Release|x86.Build.0 = Release|Any CPU
	EndGlobalSection
	GlobalSection(SolutionProperties) = preSolution
		HideSolutionNode = FALSE
	EndGlobalSection
	GlobalSection(ExtensibilityGlobals) = postSolution
		SolutionGuid = {A2972F35-2186-4730-A7F6-D6E9FCF4D7EA}
	EndGlobalSection
EndGlobal
