Microsoft Visual Studio Solution File, Format Version 12.00
# Visual Studio Version 16
VisualStudioVersion = 16.0.0.0
MinimumVisualStudioVersion = 16.0.0.0
Project("{9A19103F-16F7-4668-BE54-9A1E7A4F7556}") = "noAuth-intAuto-uld-upm", "noAuth-intAuto-uld-upm\noAuth-intAuto-uld-upm.csproj", "{9111666C-CBD3-4E86-8F61-8196D0A589A5}"
EndProject
Project("{9A19103F-16F7-4668-BE54-9A1E7A4F7556}") = "noAuth-intAuto-uld-upm.Client", "noAuth-intAuto-uld-upm.Client\noAuth-intAuto-uld-upm.Client.csproj", "{94900945-5C5B-430E-A498-1D18EBF34634}"
EndProject
Global
	GlobalSection(SolutionConfigurationPlatforms) = preSolution
		Debug|Any CPU = Debug|Any CPU
		Debug|x64 = Debug|x64
		Debug|x86 = Debug|x86
		Release|Any CPU = Release|Any CPU
		Release|x64 = Release|x64
		Release|x86 = Release|x86
	EndGlobalSection
	GlobalSection(ProjectConfigurationPlatforms) = postSolution
		{94900945-5C5B-430E-A498-1D18EBF34634}.Debug|Any CPU.ActiveCfg = Debug|Any CPU
		{94900945-5C5B-430E-A498-1D18EBF34634}.Debug|Any CPU.Build.0 = Debug|Any CPU
		{94900945-5C5B-430E-A498-1D18EBF34634}.Debug|x64.ActiveCfg = Debug|Any CPU
		{94900945-5C5B-430E-A498-1D18EBF34634}.Debug|x64.Build.0 = Debug|Any CPU
		{94900945-5C5B-430E-A498-1D18EBF34634}.Debug|x86.ActiveCfg = Debug|Any CPU
		{94900945-5C5B-430E-A498-1D18EBF34634}.Debug|x86.Build.0 = Debug|Any CPU
		{94900945-5C5B-430E-A498-1D18EBF34634}.Release|Any CPU.ActiveCfg = Release|Any CPU
		{94900945-5C5B-430E-A498-1D18EBF34634}.Release|Any CPU.Build.0 = Release|Any CPU
		{94900945-5C5B-430E-A498-1D18EBF34634}.Release|x64.ActiveCfg = Release|Any CPU
		{94900945-5C5B-430E-A498-1D18EBF34634}.Release|x64.Build.0 = Release|Any CPU
		{94900945-5C5B-430E-A498-1D18EBF34634}.Release|x86.ActiveCfg = Release|Any CPU
		{94900945-5C5B-430E-A498-1D18EBF34634}.Release|x86.Build.0 = Release|Any CPU
		{9111666C-CBD3-4E86-8F61-8196D0A589A5}.Debug|Any CPU.ActiveCfg = Debug|Any CPU
		{9111666C-CBD3-4E86-8F61-8196D0A589A5}.Debug|Any CPU.Build.0 = Debug|Any CPU
		{9111666C-CBD3-4E86-8F61-8196D0A589A5}.Debug|x64.ActiveCfg = Debug|Any CPU
		{9111666C-CBD3-4E86-8F61-8196D0A589A5}.Debug|x64.Build.0 = Debug|Any CPU
		{9111666C-CBD3-4E86-8F61-8196D0A589A5}.Debug|x86.ActiveCfg = Debug|Any CPU
		{9111666C-CBD3-4E86-8F61-8196D0A589A5}.Debug|x86.Build.0 = Debug|Any CPU
		{9111666C-CBD3-4E86-8F61-8196D0A589A5}.Release|Any CPU.ActiveCfg = Release|Any CPU
		{9111666C-CBD3-4E86-8F61-8196D0A589A5}.Release|Any CPU.Build.0 = Release|Any CPU
		{9111666C-CBD3-4E86-8F61-8196D0A589A5}.Release|x64.ActiveCfg = Release|Any CPU
		{9111666C-CBD3-4E86-8F61-8196D0A589A5}.Release|x64.Build.0 = Release|Any CPU
		{9111666C-CBD3-4E86-8F61-8196D0A589A5}.Release|x86.ActiveCfg = Release|Any CPU
		{9111666C-CBD3-4E86-8F61-8196D0A589A5}.Release|x86.Build.0 = Release|Any CPU
	EndGlobalSection
	GlobalSection(SolutionProperties) = preSolution
		HideSolutionNode = FALSE
	EndGlobalSection
	GlobalSection(ExtensibilityGlobals) = postSolution
		SolutionGuid = {CCF678CB-CD83-4A03-8440-071C47190A0E}
	EndGlobalSection
EndGlobal
