Microsoft Visual Studio Solution File, Format Version 12.00
# Visual Studio Version 16
VisualStudioVersion = 16.0.0.0
MinimumVisualStudioVersion = 16.0.0.0
Project("{9A19103F-16F7-4668-BE54-9A1E7A4F7556}") = "auth-intWebAssembly-uld-e-upm", "auth-intWebAssembly-uld-e-upm\auth-intWebAssembly-uld-e-upm.csproj", "{A409C9C0-C9F5-4621-8571-F84F901C276A}"
EndProject
Project("{9A19103F-16F7-4668-BE54-9A1E7A4F7556}") = "auth-intWebAssembly-uld-e-upm.Client", "auth-intWebAssembly-uld-e-upm.Client\auth-intWebAssembly-uld-e-upm.Client.csproj", "{27CA2958-9F25-4C80-98B5-1FC7D9DFD023}"
EndProject
Global
	GlobalSection(SolutionConfigurationPlatforms) = preSolution
		Debug|Any CPU = Debug|Any CPU
		Debug|x64 = Debug|x64
		Debug|x86 = Debug|x86
		Release|Any CPU = Release|Any CPU
		Release|x64 = Release|x64
		Release|x86 = Release|x86
	EndGlobalSection
	GlobalSection(ProjectConfigurationPlatforms) = postSolution
		{27CA2958-9F25-4C80-98B5-1FC7D9DFD023}.Debug|Any CPU.ActiveCfg = Debug|Any CPU
		{27CA2958-9F25-4C80-98B5-1FC7D9DFD023}.Debug|Any CPU.Build.0 = Debug|Any CPU
		{27CA2958-9F25-4C80-98B5-1FC7D9DFD023}.Debug|x64.ActiveCfg = Debug|Any CPU
		{27CA2958-9F25-4C80-98B5-1FC7D9DFD023}.Debug|x64.Build.0 = Debug|Any CPU
		{27CA2958-9F25-4C80-98B5-1FC7D9DFD023}.Debug|x86.ActiveCfg = Debug|Any CPU
		{27CA2958-9F25-4C80-98B5-1FC7D9DFD023}.Debug|x86.Build.0 = Debug|Any CPU
		{27CA2958-9F25-4C80-98B5-1FC7D9DFD023}.Release|Any CPU.ActiveCfg = Release|Any CPU
		{27CA2958-9F25-4C80-98B5-1FC7D9DFD023}.Release|Any CPU.Build.0 = Release|Any CPU
		{27CA2958-9F25-4C80-98B5-1FC7D9DFD023}.Release|x64.ActiveCfg = Release|Any CPU
		{27CA2958-9F25-4C80-98B5-1FC7D9DFD023}.Release|x64.Build.0 = Release|Any CPU
		{27CA2958-9F25-4C80-98B5-1FC7D9DFD023}.Release|x86.ActiveCfg = Release|Any CPU
		{27CA2958-9F25-4C80-98B5-1FC7D9DFD023}.Release|x86.Build.0 = Release|Any CPU
		{A409C9C0-C9F5-4621-8571-F84F901C276A}.Debug|Any CPU.ActiveCfg = Debug|Any CPU
		{A409C9C0-C9F5-4621-8571-F84F901C276A}.Debug|Any CPU.Build.0 = Debug|Any CPU
		{A409C9C0-C9F5-4621-8571-F84F901C276A}.Debug|x64.ActiveCfg = Debug|Any CPU
		{A409C9C0-C9F5-4621-8571-F84F901C276A}.Debug|x64.Build.0 = Debug|Any CPU
		{A409C9C0-C9F5-4621-8571-F84F901C276A}.Debug|x86.ActiveCfg = Debug|Any CPU
		{A409C9C0-C9F5-4621-8571-F84F901C276A}.Debug|x86.Build.0 = Debug|Any CPU
		{A409C9C0-C9F5-4621-8571-F84F901C276A}.Release|Any CPU.ActiveCfg = Release|Any CPU
		{A409C9C0-C9F5-4621-8571-F84F901C276A}.Release|Any CPU.Build.0 = Release|Any CPU
		{A409C9C0-C9F5-4621-8571-F84F901C276A}.Release|x64.ActiveCfg = Release|Any CPU
		{A409C9C0-C9F5-4621-8571-F84F901C276A}.Release|x64.Build.0 = Release|Any CPU
		{A409C9C0-C9F5-4621-8571-F84F901C276A}.Release|x86.ActiveCfg = Release|Any CPU
		{A409C9C0-C9F5-4621-8571-F84F901C276A}.Release|x86.Build.0 = Release|Any CPU
	EndGlobalSection
	GlobalSection(SolutionProperties) = preSolution
		HideSolutionNode = FALSE
	EndGlobalSection
	GlobalSection(ExtensibilityGlobals) = postSolution
		SolutionGuid = {B0C8867E-8F23-482D-9F0C-BFB6C8822870}
	EndGlobalSection
EndGlobal
