Microsoft Visual Studio Solution File, Format Version 12.00
# Visual Studio Version 16
VisualStudioVersion = 16.0.0.0
MinimumVisualStudioVersion = 16.0.0.0
Project("{9A19103F-16F7-4668-BE54-9A1E7A4F7556}") = "noAuth-intAuto", "noAuth-intAuto\noAuth-intAuto.csproj", "{E19595E0-5EA4-4417-9720-B94AA6628D10}"
EndProject
Project("{9A19103F-16F7-4668-BE54-9A1E7A4F7556}") = "noAuth-intAuto.Client", "noAuth-intAuto.Client\noAuth-intAuto.Client.csproj", "{CD77E56F-4A29-428D-8FD4-145B2B01AF22}"
EndProject
Global
	GlobalSection(SolutionConfigurationPlatforms) = preSolution
		Debug|Any CPU = Debug|Any CPU
		Debug|x64 = Debug|x64
		Debug|x86 = Debug|x86
		Release|Any CPU = Release|Any CPU
		Release|x64 = Release|x64
		Release|x86 = Release|x86
	EndGlobalSection
	GlobalSection(ProjectConfigurationPlatforms) = postSolution
		{CD77E56F-4A29-428D-8FD4-145B2B01AF22}.Debug|Any CPU.ActiveCfg = Debug|Any CPU
		{CD77E56F-4A29-428D-8FD4-145B2B01AF22}.Debug|Any CPU.Build.0 = Debug|Any CPU
		{CD77E56F-4A29-428D-8FD4-145B2B01AF22}.Debug|x64.ActiveCfg = Debug|Any CPU
		{CD77E56F-4A29-428D-8FD4-145B2B01AF22}.Debug|x64.Build.0 = Debug|Any CPU
		{CD77E56F-4A29-428D-8FD4-145B2B01AF22}.Debug|x86.ActiveCfg = Debug|Any CPU
		{CD77E56F-4A29-428D-8FD4-145B2B01AF22}.Debug|x86.Build.0 = Debug|Any CPU
		{CD77E56F-4A29-428D-8FD4-145B2B01AF22}.Release|Any CPU.ActiveCfg = Release|Any CPU
		{CD77E56F-4A29-428D-8FD4-145B2B01AF22}.Release|Any CPU.Build.0 = Release|Any CPU
		{CD77E56F-4A29-428D-8FD4-145B2B01AF22}.Release|x64.ActiveCfg = Release|Any CPU
		{CD77E56F-4A29-428D-8FD4-145B2B01AF22}.Release|x64.Build.0 = Release|Any CPU
		{CD77E56F-4A29-428D-8FD4-145B2B01AF22}.Release|x86.ActiveCfg = Release|Any CPU
		{CD77E56F-4A29-428D-8FD4-145B2B01AF22}.Release|x86.Build.0 = Release|Any CPU
		{E19595E0-5EA4-4417-9720-B94AA6628D10}.Debug|Any CPU.ActiveCfg = Debug|Any CPU
		{E19595E0-5EA4-4417-9720-B94AA6628D10}.Debug|Any CPU.Build.0 = Debug|Any CPU
		{E19595E0-5EA4-4417-9720-B94AA6628D10}.Debug|x64.ActiveCfg = Debug|Any CPU
		{E19595E0-5EA4-4417-9720-B94AA6628D10}.Debug|x64.Build.0 = Debug|Any CPU
		{E19595E0-5EA4-4417-9720-B94AA6628D10}.Debug|x86.ActiveCfg = Debug|Any CPU
		{E19595E0-5EA4-4417-9720-B94AA6628D10}.Debug|x86.Build.0 = Debug|Any CPU
		{E19595E0-5EA4-4417-9720-B94AA6628D10}.Release|Any CPU.ActiveCfg = Release|Any CPU
		{E19595E0-5EA4-4417-9720-B94AA6628D10}.Release|Any CPU.Build.0 = Release|Any CPU
		{E19595E0-5EA4-4417-9720-B94AA6628D10}.Release|x64.ActiveCfg = Release|Any CPU
		{E19595E0-5EA4-4417-9720-B94AA6628D10}.Release|x64.Build.0 = Release|Any CPU
		{E19595E0-5EA4-4417-9720-B94AA6628D10}.Release|x86.ActiveCfg = Release|Any CPU
		{E19595E0-5EA4-4417-9720-B94AA6628D10}.Release|x86.Build.0 = Release|Any CPU
	EndGlobalSection
	GlobalSection(SolutionProperties) = preSolution
		HideSolutionNode = FALSE
	EndGlobalSection
	GlobalSection(ExtensibilityGlobals) = postSolution
		SolutionGuid = {5D2CED11-9BD9-4384-B930-4FA1BD639AAA}
	EndGlobalSection
EndGlobal
