Microsoft Visual Studio Solution File, Format Version 12.00
# Visual Studio Version 16
VisualStudioVersion = 16.0.0.0
MinimumVisualStudioVersion = 16.0.0.0
Project("{9A19103F-16F7-4668-BE54-9A1E7A4F7556}") = "noAuth-intAuto-e-upm", "noAuth-intAuto-e-upm\noAuth-intAuto-e-upm.csproj", "{ACCB97BA-E4A9-45D2-8D60-60AAE9512AB2}"
EndProject
Project("{9A19103F-16F7-4668-BE54-9A1E7A4F7556}") = "noAuth-intAuto-e-upm.Client", "noAuth-intAuto-e-upm.Client\noAuth-intAuto-e-upm.Client.csproj", "{5DC9B481-49B7-48B2-A226-A11B83853EF3}"
EndProject
Global
	GlobalSection(SolutionConfigurationPlatforms) = preSolution
		Debug|Any CPU = Debug|Any CPU
		Debug|x64 = Debug|x64
		Debug|x86 = Debug|x86
		Release|Any CPU = Release|Any CPU
		Release|x64 = Release|x64
		Release|x86 = Release|x86
	EndGlobalSection
	GlobalSection(ProjectConfigurationPlatforms) = postSolution
		{5DC9B481-49B7-48B2-A226-A11B83853EF3}.Debug|Any CPU.ActiveCfg = Debug|Any CPU
		{5DC9B481-49B7-48B2-A226-A11B83853EF3}.Debug|Any CPU.Build.0 = Debug|Any CPU
		{5DC9B481-49B7-48B2-A226-A11B83853EF3}.Debug|x64.ActiveCfg = Debug|Any CPU
		{5DC9B481-49B7-48B2-A226-A11B83853EF3}.Debug|x64.Build.0 = Debug|Any CPU
		{5DC9B481-49B7-48B2-A226-A11B83853EF3}.Debug|x86.ActiveCfg = Debug|Any CPU
		{5DC9B481-49B7-48B2-A226-A11B83853EF3}.Debug|x86.Build.0 = Debug|Any CPU
		{5DC9B481-49B7-48B2-A226-A11B83853EF3}.Release|Any CPU.ActiveCfg = Release|Any CPU
		{5DC9B481-49B7-48B2-A226-A11B83853EF3}.Release|Any CPU.Build.0 = Release|Any CPU
		{5DC9B481-49B7-48B2-A226-A11B83853EF3}.Release|x64.ActiveCfg = Release|Any CPU
		{5DC9B481-49B7-48B2-A226-A11B83853EF3}.Release|x64.Build.0 = Release|Any CPU
		{5DC9B481-49B7-48B2-A226-A11B83853EF3}.Release|x86.ActiveCfg = Release|Any CPU
		{5DC9B481-49B7-48B2-A226-A11B83853EF3}.Release|x86.Build.0 = Release|Any CPU
		{ACCB97BA-E4A9-45D2-8D60-60AAE9512AB2}.Debug|Any CPU.ActiveCfg = Debug|Any CPU
		{ACCB97BA-E4A9-45D2-8D60-60AAE9512AB2}.Debug|Any CPU.Build.0 = Debug|Any CPU
		{ACCB97BA-E4A9-45D2-8D60-60AAE9512AB2}.Debug|x64.ActiveCfg = Debug|Any CPU
		{ACCB97BA-E4A9-45D2-8D60-60AAE9512AB2}.Debug|x64.Build.0 = Debug|Any CPU
		{ACCB97BA-E4A9-45D2-8D60-60AAE9512AB2}.Debug|x86.ActiveCfg = Debug|Any CPU
		{ACCB97BA-E4A9-45D2-8D60-60AAE9512AB2}.Debug|x86.Build.0 = Debug|Any CPU
		{ACCB97BA-E4A9-45D2-8D60-60AAE9512AB2}.Release|Any CPU.ActiveCfg = Release|Any CPU
		{ACCB97BA-E4A9-45D2-8D60-60AAE9512AB2}.Release|Any CPU.Build.0 = Release|Any CPU
		{ACCB97BA-E4A9-45D2-8D60-60AAE9512AB2}.Release|x64.ActiveCfg = Release|Any CPU
		{ACCB97BA-E4A9-45D2-8D60-60AAE9512AB2}.Release|x64.Build.0 = Release|Any CPU
		{ACCB97BA-E4A9-45D2-8D60-60AAE9512AB2}.Release|x86.ActiveCfg = Release|Any CPU
		{ACCB97BA-E4A9-45D2-8D60-60AAE9512AB2}.Release|x86.Build.0 = Release|Any CPU
	EndGlobalSection
	GlobalSection(SolutionProperties) = preSolution
		HideSolutionNode = FALSE
	EndGlobalSection
	GlobalSection(ExtensibilityGlobals) = postSolution
		SolutionGuid = {52E1CFD0-5385-449F-8DAD-6E4F1030B557}
	EndGlobalSection
EndGlobal
