Microsoft Visual Studio Solution File, Format Version 12.00
# Visual Studio Version 16
VisualStudioVersion = 16.0.0.0
MinimumVisualStudioVersion = 16.0.0.0
Project("{9A19103F-16F7-4668-BE54-9A1E7A4F7556}") = "noAuth-intAuto-uld", "noAuth-intAuto-uld\noAuth-intAuto-uld.csproj", "{F2262AA0-5FEC-43B0-B835-1022789469EC}"
EndProject
Project("{9A19103F-16F7-4668-BE54-9A1E7A4F7556}") = "noAuth-intAuto-uld.Client", "noAuth-intAuto-uld.Client\noAuth-intAuto-uld.Client.csproj", "{DF5334C3-3F15-437D-9A1A-219007948344}"
EndProject
Global
	GlobalSection(SolutionConfigurationPlatforms) = preSolution
		Debug|Any CPU = Debug|Any CPU
		Debug|x64 = Debug|x64
		Debug|x86 = Debug|x86
		Release|Any CPU = Release|Any CPU
		Release|x64 = Release|x64
		Release|x86 = Release|x86
	EndGlobalSection
	GlobalSection(ProjectConfigurationPlatforms) = postSolution
		{DF5334C3-3F15-437D-9A1A-219007948344}.Debug|Any CPU.ActiveCfg = Debug|Any CPU
		{DF5334C3-3F15-437D-9A1A-219007948344}.Debug|Any CPU.Build.0 = Debug|Any CPU
		{DF5334C3-3F15-437D-9A1A-219007948344}.Debug|x64.ActiveCfg = Debug|Any CPU
		{DF5334C3-3F15-437D-9A1A-219007948344}.Debug|x64.Build.0 = Debug|Any CPU
		{DF5334C3-3F15-437D-9A1A-219007948344}.Debug|x86.ActiveCfg = Debug|Any CPU
		{DF5334C3-3F15-437D-9A1A-219007948344}.Debug|x86.Build.0 = Debug|Any CPU
		{DF5334C3-3F15-437D-9A1A-219007948344}.Release|Any CPU.ActiveCfg = Release|Any CPU
		{DF5334C3-3F15-437D-9A1A-219007948344}.Release|Any CPU.Build.0 = Release|Any CPU
		{DF5334C3-3F15-437D-9A1A-219007948344}.Release|x64.ActiveCfg = Release|Any CPU
		{DF5334C3-3F15-437D-9A1A-219007948344}.Release|x64.Build.0 = Release|Any CPU
		{DF5334C3-3F15-437D-9A1A-219007948344}.Release|x86.ActiveCfg = Release|Any CPU
		{DF5334C3-3F15-437D-9A1A-219007948344}.Release|x86.Build.0 = Release|Any CPU
		{F2262AA0-5FEC-43B0-B835-1022789469EC}.Debug|Any CPU.ActiveCfg = Debug|Any CPU
		{F2262AA0-5FEC-43B0-B835-1022789469EC}.Debug|Any CPU.Build.0 = Debug|Any CPU
		{F2262AA0-5FEC-43B0-B835-1022789469EC}.Debug|x64.ActiveCfg = Debug|Any CPU
		{F2262AA0-5FEC-43B0-B835-1022789469EC}.Debug|x64.Build.0 = Debug|Any CPU
		{F2262AA0-5FEC-43B0-B835-1022789469EC}.Debug|x86.ActiveCfg = Debug|Any CPU
		{F2262AA0-5FEC-43B0-B835-1022789469EC}.Debug|x86.Build.0 = Debug|Any CPU
		{F2262AA0-5FEC-43B0-B835-1022789469EC}.Release|Any CPU.ActiveCfg = Release|Any CPU
		{F2262AA0-5FEC-43B0-B835-1022789469EC}.Release|Any CPU.Build.0 = Release|Any CPU
		{F2262AA0-5FEC-43B0-B835-1022789469EC}.Release|x64.ActiveCfg = Release|Any CPU
		{F2262AA0-5FEC-43B0-B835-1022789469EC}.Release|x64.Build.0 = Release|Any CPU
		{F2262AA0-5FEC-43B0-B835-1022789469EC}.Release|x86.ActiveCfg = Release|Any CPU
		{F2262AA0-5FEC-43B0-B835-1022789469EC}.Release|x86.Build.0 = Release|Any CPU
	EndGlobalSection
	GlobalSection(SolutionProperties) = preSolution
		HideSolutionNode = FALSE
	EndGlobalSection
	GlobalSection(ExtensibilityGlobals) = postSolution
		SolutionGuid = {90C26E8E-2E01-412D-B1A1-6AE11EB7BE47}
	EndGlobalSection
EndGlobal
