Microsoft Visual Studio Solution File, Format Version 12.00
# Visual Studio Version 16
VisualStudioVersion = 16.0.0.0
MinimumVisualStudioVersion = 16.0.0.0
Project("{9A19103F-16F7-4668-BE54-9A1E7A4F7556}") = "auth-ai-intAuto-upm", "auth-ai-intAuto-upm\auth-ai-intAuto-upm.csproj", "{A4F29063-F271-4F00-A911-7CC9012F9F65}"
EndProject
Project("{9A19103F-16F7-4668-BE54-9A1E7A4F7556}") = "auth-ai-intAuto-upm.Client", "auth-ai-intAuto-upm.Client\auth-ai-intAuto-upm.Client.csproj", "{E1611430-42C7-44DA-AA70-7FE04A9432F6}"
EndProject
Global
	GlobalSection(SolutionConfigurationPlatforms) = preSolution
		Debug|Any CPU = Debug|Any CPU
		Debug|x64 = Debug|x64
		Debug|x86 = Debug|x86
		Release|Any CPU = Release|Any CPU
		Release|x64 = Release|x64
		Release|x86 = Release|x86
	EndGlobalSection
	GlobalSection(ProjectConfigurationPlatforms) = postSolution
		{E1611430-42C7-44DA-AA70-7FE04A9432F6}.Debug|Any CPU.ActiveCfg = Debug|Any CPU
		{E1611430-42C7-44DA-AA70-7FE04A9432F6}.Debug|Any CPU.Build.0 = Debug|Any CPU
		{E1611430-42C7-44DA-AA70-7FE04A9432F6}.Debug|x64.ActiveCfg = Debug|Any CPU
		{E1611430-42C7-44DA-AA70-7FE04A9432F6}.Debug|x64.Build.0 = Debug|Any CPU
		{E1611430-42C7-44DA-AA70-7FE04A9432F6}.Debug|x86.ActiveCfg = Debug|Any CPU
		{E1611430-42C7-44DA-AA70-7FE04A9432F6}.Debug|x86.Build.0 = Debug|Any CPU
		{E1611430-42C7-44DA-AA70-7FE04A9432F6}.Release|Any CPU.ActiveCfg = Release|Any CPU
		{E1611430-42C7-44DA-AA70-7FE04A9432F6}.Release|Any CPU.Build.0 = Release|Any CPU
		{E1611430-42C7-44DA-AA70-7FE04A9432F6}.Release|x64.ActiveCfg = Release|Any CPU
		{E1611430-42C7-44DA-AA70-7FE04A9432F6}.Release|x64.Build.0 = Release|Any CPU
		{E1611430-42C7-44DA-AA70-7FE04A9432F6}.Release|x86.ActiveCfg = Release|Any CPU
		{E1611430-42C7-44DA-AA70-7FE04A9432F6}.Release|x86.Build.0 = Release|Any CPU
		{A4F29063-F271-4F00-A911-7CC9012F9F65}.Debug|Any CPU.ActiveCfg = Debug|Any CPU
		{A4F29063-F271-4F00-A911-7CC9012F9F65}.Debug|Any CPU.Build.0 = Debug|Any CPU
		{A4F29063-F271-4F00-A911-7CC9012F9F65}.Debug|x64.ActiveCfg = Debug|Any CPU
		{A4F29063-F271-4F00-A911-7CC9012F9F65}.Debug|x64.Build.0 = Debug|Any CPU
		{A4F29063-F271-4F00-A911-7CC9012F9F65}.Debug|x86.ActiveCfg = Debug|Any CPU
		{A4F29063-F271-4F00-A911-7CC9012F9F65}.Debug|x86.Build.0 = Debug|Any CPU
		{A4F29063-F271-4F00-A911-7CC9012F9F65}.Release|Any CPU.ActiveCfg = Release|Any CPU
		{A4F29063-F271-4F00-A911-7CC9012F9F65}.Release|Any CPU.Build.0 = Release|Any CPU
		{A4F29063-F271-4F00-A911-7CC9012F9F65}.Release|x64.ActiveCfg = Release|Any CPU
		{A4F29063-F271-4F00-A911-7CC9012F9F65}.Release|x64.Build.0 = Release|Any CPU
		{A4F29063-F271-4F00-A911-7CC9012F9F65}.Release|x86.ActiveCfg = Release|Any CPU
		{A4F29063-F271-4F00-A911-7CC9012F9F65}.Release|x86.Build.0 = Release|Any CPU
	EndGlobalSection
	GlobalSection(SolutionProperties) = preSolution
		HideSolutionNode = FALSE
	EndGlobalSection
	GlobalSection(ExtensibilityGlobals) = postSolution
		SolutionGuid = {E80086B0-C780-4A32-AE7F-92C0ED844767}
	EndGlobalSection
EndGlobal
