Microsoft Visual Studio Solution File, Format Version 12.00
# Visual Studio Version 16
VisualStudioVersion = 16.0.0.0
MinimumVisualStudioVersion = 16.0.0.0
Project("{9A19103F-16F7-4668-BE54-9A1E7A4F7556}") = "auth-intAuto-e-upm", "auth-intAuto-e-upm\auth-intAuto-e-upm.csproj", "{4BDC2CE9-B068-4D3E-B798-27B3F83EC376}"
EndProject
Project("{9A19103F-16F7-4668-BE54-9A1E7A4F7556}") = "auth-intAuto-e-upm.Client", "auth-intAuto-e-upm.Client\auth-intAuto-e-upm.Client.csproj", "{C7DE1752-2FF9-4E72-9F20-0CB192FA8D63}"
EndProject
Global
	GlobalSection(SolutionConfigurationPlatforms) = preSolution
		Debug|Any CPU = Debug|Any CPU
		Debug|x64 = Debug|x64
		Debug|x86 = Debug|x86
		Release|Any CPU = Release|Any CPU
		Release|x64 = Release|x64
		Release|x86 = Release|x86
	EndGlobalSection
	GlobalSection(ProjectConfigurationPlatforms) = postSolution
		{C7DE1752-2FF9-4E72-9F20-0CB192FA8D63}.Debug|Any CPU.ActiveCfg = Debug|Any CPU
		{C7DE1752-2FF9-4E72-9F20-0CB192FA8D63}.Debug|Any CPU.Build.0 = Debug|Any CPU
		{C7DE1752-2FF9-4E72-9F20-0CB192FA8D63}.Debug|x64.ActiveCfg = Debug|Any CPU
		{C7DE1752-2FF9-4E72-9F20-0CB192FA8D63}.Debug|x64.Build.0 = Debug|Any CPU
		{C7DE1752-2FF9-4E72-9F20-0CB192FA8D63}.Debug|x86.ActiveCfg = Debug|Any CPU
		{C7DE1752-2FF9-4E72-9F20-0CB192FA8D63}.Debug|x86.Build.0 = Debug|Any CPU
		{C7DE1752-2FF9-4E72-9F20-0CB192FA8D63}.Release|Any CPU.ActiveCfg = Release|Any CPU
		{C7DE1752-2FF9-4E72-9F20-0CB192FA8D63}.Release|Any CPU.Build.0 = Release|Any CPU
		{C7DE1752-2FF9-4E72-9F20-0CB192FA8D63}.Release|x64.ActiveCfg = Release|Any CPU
		{C7DE1752-2FF9-4E72-9F20-0CB192FA8D63}.Release|x64.Build.0 = Release|Any CPU
		{C7DE1752-2FF9-4E72-9F20-0CB192FA8D63}.Release|x86.ActiveCfg = Release|Any CPU
		{C7DE1752-2FF9-4E72-9F20-0CB192FA8D63}.Release|x86.Build.0 = Release|Any CPU
		{4BDC2CE9-B068-4D3E-B798-27B3F83EC376}.Debug|Any CPU.ActiveCfg = Debug|Any CPU
		{4BDC2CE9-B068-4D3E-B798-27B3F83EC376}.Debug|Any CPU.Build.0 = Debug|Any CPU
		{4BDC2CE9-B068-4D3E-B798-27B3F83EC376}.Debug|x64.ActiveCfg = Debug|Any CPU
		{4BDC2CE9-B068-4D3E-B798-27B3F83EC376}.Debug|x64.Build.0 = Debug|Any CPU
		{4BDC2CE9-B068-4D3E-B798-27B3F83EC376}.Debug|x86.ActiveCfg = Debug|Any CPU
		{4BDC2CE9-B068-4D3E-B798-27B3F83EC376}.Debug|x86.Build.0 = Debug|Any CPU
		{4BDC2CE9-B068-4D3E-B798-27B3F83EC376}.Release|Any CPU.ActiveCfg = Release|Any CPU
		{4BDC2CE9-B068-4D3E-B798-27B3F83EC376}.Release|Any CPU.Build.0 = Release|Any CPU
		{4BDC2CE9-B068-4D3E-B798-27B3F83EC376}.Release|x64.ActiveCfg = Release|Any CPU
		{4BDC2CE9-B068-4D3E-B798-27B3F83EC376}.Release|x64.Build.0 = Release|Any CPU
		{4BDC2CE9-B068-4D3E-B798-27B3F83EC376}.Release|x86.ActiveCfg = Release|Any CPU
		{4BDC2CE9-B068-4D3E-B798-27B3F83EC376}.Release|x86.Build.0 = Release|Any CPU
	EndGlobalSection
	GlobalSection(SolutionProperties) = preSolution
		HideSolutionNode = FALSE
	EndGlobalSection
	GlobalSection(ExtensibilityGlobals) = postSolution
		SolutionGuid = {46724712-EF6D-424C-ABA7-E388A37C9D1D}
	EndGlobalSection
EndGlobal
