Microsoft Visual Studio Solution File, Format Version 12.00
# Visual Studio Version 16
VisualStudioVersion = 16.0.0.0
MinimumVisualStudioVersion = 16.0.0.0
Project("{9A19103F-16F7-4668-BE54-9A1E7A4F7556}") = "noAuth-ai-intAuto-uld-upm", "noAuth-ai-intAuto-uld-upm\noAuth-ai-intAuto-uld-upm.csproj", "{B7712422-77AC-4F49-9A79-C98569CEAE96}"
EndProject
Project("{9A19103F-16F7-4668-BE54-9A1E7A4F7556}") = "noAuth-ai-intAuto-uld-upm.Client", "noAuth-ai-intAuto-uld-upm.Client\noAuth-ai-intAuto-uld-upm.Client.csproj", "{26D4E90B-2905-4205-AA58-EFE058DA203C}"
EndProject
Global
	GlobalSection(SolutionConfigurationPlatforms) = preSolution
		Debug|Any CPU = Debug|Any CPU
		Debug|x64 = Debug|x64
		Debug|x86 = Debug|x86
		Release|Any CPU = Release|Any CPU
		Release|x64 = Release|x64
		Release|x86 = Release|x86
	EndGlobalSection
	GlobalSection(ProjectConfigurationPlatforms) = postSolution
		{26D4E90B-2905-4205-AA58-EFE058DA203C}.Debug|Any CPU.ActiveCfg = Debug|Any CPU
		{26D4E90B-2905-4205-AA58-EFE058DA203C}.Debug|Any CPU.Build.0 = Debug|Any CPU
		{26D4E90B-2905-4205-AA58-EFE058DA203C}.Debug|x64.ActiveCfg = Debug|Any CPU
		{26D4E90B-2905-4205-AA58-EFE058DA203C}.Debug|x64.Build.0 = Debug|Any CPU
		{26D4E90B-2905-4205-AA58-EFE058DA203C}.Debug|x86.ActiveCfg = Debug|Any CPU
		{26D4E90B-2905-4205-AA58-EFE058DA203C}.Debug|x86.Build.0 = Debug|Any CPU
		{26D4E90B-2905-4205-AA58-EFE058DA203C}.Release|Any CPU.ActiveCfg = Release|Any CPU
		{26D4E90B-2905-4205-AA58-EFE058DA203C}.Release|Any CPU.Build.0 = Release|Any CPU
		{26D4E90B-2905-4205-AA58-EFE058DA203C}.Release|x64.ActiveCfg = Release|Any CPU
		{26D4E90B-2905-4205-AA58-EFE058DA203C}.Release|x64.Build.0 = Release|Any CPU
		{26D4E90B-2905-4205-AA58-EFE058DA203C}.Release|x86.ActiveCfg = Release|Any CPU
		{26D4E90B-2905-4205-AA58-EFE058DA203C}.Release|x86.Build.0 = Release|Any CPU
		{B7712422-77AC-4F49-9A79-C98569CEAE96}.Debug|Any CPU.ActiveCfg = Debug|Any CPU
		{B7712422-77AC-4F49-9A79-C98569CEAE96}.Debug|Any CPU.Build.0 = Debug|Any CPU
		{B7712422-77AC-4F49-9A79-C98569CEAE96}.Debug|x64.ActiveCfg = Debug|Any CPU
		{B7712422-77AC-4F49-9A79-C98569CEAE96}.Debug|x64.Build.0 = Debug|Any CPU
		{B7712422-77AC-4F49-9A79-C98569CEAE96}.Debug|x86.ActiveCfg = Debug|Any CPU
		{B7712422-77AC-4F49-9A79-C98569CEAE96}.Debug|x86.Build.0 = Debug|Any CPU
		{B7712422-77AC-4F49-9A79-C98569CEAE96}.Release|Any CPU.ActiveCfg = Release|Any CPU
		{B7712422-77AC-4F49-9A79-C98569CEAE96}.Release|Any CPU.Build.0 = Release|Any CPU
		{B7712422-77AC-4F49-9A79-C98569CEAE96}.Release|x64.ActiveCfg = Release|Any CPU
		{B7712422-77AC-4F49-9A79-C98569CEAE96}.Release|x64.Build.0 = Release|Any CPU
		{B7712422-77AC-4F49-9A79-C98569CEAE96}.Release|x86.ActiveCfg = Release|Any CPU
		{B7712422-77AC-4F49-9A79-C98569CEAE96}.Release|x86.Build.0 = Release|Any CPU
	EndGlobalSection
	GlobalSection(SolutionProperties) = preSolution
		HideSolutionNode = FALSE
	EndGlobalSection
	GlobalSection(ExtensibilityGlobals) = postSolution
		SolutionGuid = {A1BDA39B-39A1-4F77-9920-53A013E9B2CF}
	EndGlobalSection
EndGlobal
