Microsoft Visual Studio Solution File, Format Version 12.00
# Visual Studio Version 16
VisualStudioVersion = 16.0.0.0
MinimumVisualStudioVersion = 16.0.0.0
Project("{9A19103F-16F7-4668-BE54-9A1E7A4F7556}") = "noAuth-ai-intAuto-uld-upm", "noAuth-ai-intAuto-uld-upm\noAuth-ai-intAuto-uld-upm.csproj", "{D697D169-B53E-4BFF-B943-D1F2EF08156C}"
EndProject
Project("{9A19103F-16F7-4668-BE54-9A1E7A4F7556}") = "noAuth-ai-intAuto-uld-upm.Client", "noAuth-ai-intAuto-uld-upm.Client\noAuth-ai-intAuto-uld-upm.Client.csproj", "{054E243D-E211-43B2-8104-47AD4027CE7D}"
EndProject
Global
	GlobalSection(SolutionConfigurationPlatforms) = preSolution
		Debug|Any CPU = Debug|Any CPU
		Debug|x64 = Debug|x64
		Debug|x86 = Debug|x86
		Release|Any CPU = Release|Any CPU
		Release|x64 = Release|x64
		Release|x86 = Release|x86
	EndGlobalSection
	GlobalSection(ProjectConfigurationPlatforms) = postSolution
		{054E243D-E211-43B2-8104-47AD4027CE7D}.Debug|Any CPU.ActiveCfg = Debug|Any CPU
		{054E243D-E211-43B2-8104-47AD4027CE7D}.Debug|Any CPU.Build.0 = Debug|Any CPU
		{054E243D-E211-43B2-8104-47AD4027CE7D}.Debug|x64.ActiveCfg = Debug|Any CPU
		{054E243D-E211-43B2-8104-47AD4027CE7D}.Debug|x64.Build.0 = Debug|Any CPU
		{054E243D-E211-43B2-8104-47AD4027CE7D}.Debug|x86.ActiveCfg = Debug|Any CPU
		{054E243D-E211-43B2-8104-47AD4027CE7D}.Debug|x86.Build.0 = Debug|Any CPU
		{054E243D-E211-43B2-8104-47AD4027CE7D}.Release|Any CPU.ActiveCfg = Release|Any CPU
		{054E243D-E211-43B2-8104-47AD4027CE7D}.Release|Any CPU.Build.0 = Release|Any CPU
		{054E243D-E211-43B2-8104-47AD4027CE7D}.Release|x64.ActiveCfg = Release|Any CPU
		{054E243D-E211-43B2-8104-47AD4027CE7D}.Release|x64.Build.0 = Release|Any CPU
		{054E243D-E211-43B2-8104-47AD4027CE7D}.Release|x86.ActiveCfg = Release|Any CPU
		{054E243D-E211-43B2-8104-47AD4027CE7D}.Release|x86.Build.0 = Release|Any CPU
		{D697D169-B53E-4BFF-B943-D1F2EF08156C}.Debug|Any CPU.ActiveCfg = Debug|Any CPU
		{D697D169-B53E-4BFF-B943-D1F2EF08156C}.Debug|Any CPU.Build.0 = Debug|Any CPU
		{D697D169-B53E-4BFF-B943-D1F2EF08156C}.Debug|x64.ActiveCfg = Debug|Any CPU
		{D697D169-B53E-4BFF-B943-D1F2EF08156C}.Debug|x64.Build.0 = Debug|Any CPU
		{D697D169-B53E-4BFF-B943-D1F2EF08156C}.Debug|x86.ActiveCfg = Debug|Any CPU
		{D697D169-B53E-4BFF-B943-D1F2EF08156C}.Debug|x86.Build.0 = Debug|Any CPU
		{D697D169-B53E-4BFF-B943-D1F2EF08156C}.Release|Any CPU.ActiveCfg = Release|Any CPU
		{D697D169-B53E-4BFF-B943-D1F2EF08156C}.Release|Any CPU.Build.0 = Release|Any CPU
		{D697D169-B53E-4BFF-B943-D1F2EF08156C}.Release|x64.ActiveCfg = Release|Any CPU
		{D697D169-B53E-4BFF-B943-D1F2EF08156C}.Release|x64.Build.0 = Release|Any CPU
		{D697D169-B53E-4BFF-B943-D1F2EF08156C}.Release|x86.ActiveCfg = Release|Any CPU
		{D697D169-B53E-4BFF-B943-D1F2EF08156C}.Release|x86.Build.0 = Release|Any CPU
	EndGlobalSection
	GlobalSection(SolutionProperties) = preSolution
		HideSolutionNode = FALSE
	EndGlobalSection
	GlobalSection(ExtensibilityGlobals) = postSolution
		SolutionGuid = {9346F78E-3860-4D27-AD8F-D0DE807FFF4D}
	EndGlobalSection
EndGlobal
