Microsoft Visual Studio Solution File, Format Version 12.00
# Visual Studio Version 16
VisualStudioVersion = 16.0.0.0
MinimumVisualStudioVersion = 16.0.0.0
Project("{9A19103F-16F7-4668-BE54-9A1E7A4F7556}") = "auth-intAuto-upm", "auth-intAuto-upm\auth-intAuto-upm.csproj", "{7DB2F70A-1424-4F75-8146-1A822441C2C4}"
EndProject
Project("{9A19103F-16F7-4668-BE54-9A1E7A4F7556}") = "auth-intAuto-upm.Client", "auth-intAuto-upm.Client\auth-intAuto-upm.Client.csproj", "{A8918354-8323-43BC-B0C8-7F7262B55F02}"
EndProject
Global
	GlobalSection(SolutionConfigurationPlatforms) = preSolution
		Debug|Any CPU = Debug|Any CPU
		Debug|x64 = Debug|x64
		Debug|x86 = Debug|x86
		Release|Any CPU = Release|Any CPU
		Release|x64 = Release|x64
		Release|x86 = Release|x86
	EndGlobalSection
	GlobalSection(ProjectConfigurationPlatforms) = postSolution
		{A8918354-8323-43BC-B0C8-7F7262B55F02}.Debug|Any CPU.ActiveCfg = Debug|Any CPU
		{A8918354-8323-43BC-B0C8-7F7262B55F02}.Debug|Any CPU.Build.0 = Debug|Any CPU
		{A8918354-8323-43BC-B0C8-7F7262B55F02}.Debug|x64.ActiveCfg = Debug|Any CPU
		{A8918354-8323-43BC-B0C8-7F7262B55F02}.Debug|x64.Build.0 = Debug|Any CPU
		{A8918354-8323-43BC-B0C8-7F7262B55F02}.Debug|x86.ActiveCfg = Debug|Any CPU
		{A8918354-8323-43BC-B0C8-7F7262B55F02}.Debug|x86.Build.0 = Debug|Any CPU
		{A8918354-8323-43BC-B0C8-7F7262B55F02}.Release|Any CPU.ActiveCfg = Release|Any CPU
		{A8918354-8323-43BC-B0C8-7F7262B55F02}.Release|Any CPU.Build.0 = Release|Any CPU
		{A8918354-8323-43BC-B0C8-7F7262B55F02}.Release|x64.ActiveCfg = Release|Any CPU
		{A8918354-8323-43BC-B0C8-7F7262B55F02}.Release|x64.Build.0 = Release|Any CPU
		{A8918354-8323-43BC-B0C8-7F7262B55F02}.Release|x86.ActiveCfg = Release|Any CPU
		{A8918354-8323-43BC-B0C8-7F7262B55F02}.Release|x86.Build.0 = Release|Any CPU
		{7DB2F70A-1424-4F75-8146-1A822441C2C4}.Debug|Any CPU.ActiveCfg = Debug|Any CPU
		{7DB2F70A-1424-4F75-8146-1A822441C2C4}.Debug|Any CPU.Build.0 = Debug|Any CPU
		{7DB2F70A-1424-4F75-8146-1A822441C2C4}.Debug|x64.ActiveCfg = Debug|Any CPU
		{7DB2F70A-1424-4F75-8146-1A822441C2C4}.Debug|x64.Build.0 = Debug|Any CPU
		{7DB2F70A-1424-4F75-8146-1A822441C2C4}.Debug|x86.ActiveCfg = Debug|Any CPU
		{7DB2F70A-1424-4F75-8146-1A822441C2C4}.Debug|x86.Build.0 = Debug|Any CPU
		{7DB2F70A-1424-4F75-8146-1A822441C2C4}.Release|Any CPU.ActiveCfg = Release|Any CPU
		{7DB2F70A-1424-4F75-8146-1A822441C2C4}.Release|Any CPU.Build.0 = Release|Any CPU
		{7DB2F70A-1424-4F75-8146-1A822441C2C4}.Release|x64.ActiveCfg = Release|Any CPU
		{7DB2F70A-1424-4F75-8146-1A822441C2C4}.Release|x64.Build.0 = Release|Any CPU
		{7DB2F70A-1424-4F75-8146-1A822441C2C4}.Release|x86.ActiveCfg = Release|Any CPU
		{7DB2F70A-1424-4F75-8146-1A822441C2C4}.Release|x86.Build.0 = Release|Any CPU
	EndGlobalSection
	GlobalSection(SolutionProperties) = preSolution
		HideSolutionNode = FALSE
	EndGlobalSection
	GlobalSection(ExtensibilityGlobals) = postSolution
		SolutionGuid = {62BB4F00-1A66-4E7D-8861-7DB9770B0768}
	EndGlobalSection
EndGlobal
