Microsoft Visual Studio Solution File, Format Version 12.00
# Visual Studio Version 16
VisualStudioVersion = 16.0.0.0
MinimumVisualStudioVersion = 16.0.0.0
Project("{9A19103F-16F7-4668-BE54-9A1E7A4F7556}") = "noAuth-ai-intWebAssembly-e", "noAuth-ai-intWebAssembly-e\noAuth-ai-intWebAssembly-e.csproj", "{F0F5BFAF-09CD-4D7A-BCBD-505D4200F55D}"
EndProject
Project("{9A19103F-16F7-4668-BE54-9A1E7A4F7556}") = "noAuth-ai-intWebAssembly-e.Client", "noAuth-ai-intWebAssembly-e.Client\noAuth-ai-intWebAssembly-e.Client.csproj", "{078279D6-5A28-4C9D-A063-9AF9C508499A}"
EndProject
Global
	GlobalSection(SolutionConfigurationPlatforms) = preSolution
		Debug|Any CPU = Debug|Any CPU
		Debug|x64 = Debug|x64
		Debug|x86 = Debug|x86
		Release|Any CPU = Release|Any CPU
		Release|x64 = Release|x64
		Release|x86 = Release|x86
	EndGlobalSection
	GlobalSection(ProjectConfigurationPlatforms) = postSolution
		{078279D6-5A28-4C9D-A063-9AF9C508499A}.Debug|Any CPU.ActiveCfg = Debug|Any CPU
		{078279D6-5A28-4C9D-A063-9AF9C508499A}.Debug|Any CPU.Build.0 = Debug|Any CPU
		{078279D6-5A28-4C9D-A063-9AF9C508499A}.Debug|x64.ActiveCfg = Debug|Any CPU
		{078279D6-5A28-4C9D-A063-9AF9C508499A}.Debug|x64.Build.0 = Debug|Any CPU
		{078279D6-5A28-4C9D-A063-9AF9C508499A}.Debug|x86.ActiveCfg = Debug|Any CPU
		{078279D6-5A28-4C9D-A063-9AF9C508499A}.Debug|x86.Build.0 = Debug|Any CPU
		{078279D6-5A28-4C9D-A063-9AF9C508499A}.Release|Any CPU.ActiveCfg = Release|Any CPU
		{078279D6-5A28-4C9D-A063-9AF9C508499A}.Release|Any CPU.Build.0 = Release|Any CPU
		{078279D6-5A28-4C9D-A063-9AF9C508499A}.Release|x64.ActiveCfg = Release|Any CPU
		{078279D6-5A28-4C9D-A063-9AF9C508499A}.Release|x64.Build.0 = Release|Any CPU
		{078279D6-5A28-4C9D-A063-9AF9C508499A}.Release|x86.ActiveCfg = Release|Any CPU
		{078279D6-5A28-4C9D-A063-9AF9C508499A}.Release|x86.Build.0 = Release|Any CPU
		{F0F5BFAF-09CD-4D7A-BCBD-505D4200F55D}.Debug|Any CPU.ActiveCfg = Debug|Any CPU
		{F0F5BFAF-09CD-4D7A-BCBD-505D4200F55D}.Debug|Any CPU.Build.0 = Debug|Any CPU
		{F0F5BFAF-09CD-4D7A-BCBD-505D4200F55D}.Debug|x64.ActiveCfg = Debug|Any CPU
		{F0F5BFAF-09CD-4D7A-BCBD-505D4200F55D}.Debug|x64.Build.0 = Debug|Any CPU
		{F0F5BFAF-09CD-4D7A-BCBD-505D4200F55D}.Debug|x86.ActiveCfg = Debug|Any CPU
		{F0F5BFAF-09CD-4D7A-BCBD-505D4200F55D}.Debug|x86.Build.0 = Debug|Any CPU
		{F0F5BFAF-09CD-4D7A-BCBD-505D4200F55D}.Release|Any CPU.ActiveCfg = Release|Any CPU
		{F0F5BFAF-09CD-4D7A-BCBD-505D4200F55D}.Release|Any CPU.Build.0 = Release|Any CPU
		{F0F5BFAF-09CD-4D7A-BCBD-505D4200F55D}.Release|x64.ActiveCfg = Release|Any CPU
		{F0F5BFAF-09CD-4D7A-BCBD-505D4200F55D}.Release|x64.Build.0 = Release|Any CPU
		{F0F5BFAF-09CD-4D7A-BCBD-505D4200F55D}.Release|x86.ActiveCfg = Release|Any CPU
		{F0F5BFAF-09CD-4D7A-BCBD-505D4200F55D}.Release|x86.Build.0 = Release|Any CPU
	EndGlobalSection
	GlobalSection(SolutionProperties) = preSolution
		HideSolutionNode = FALSE
	EndGlobalSection
	GlobalSection(ExtensibilityGlobals) = postSolution
		SolutionGuid = {D59692DD-2551-4542-A8FB-95A83F7835EC}
	EndGlobalSection
EndGlobal
