Microsoft Visual Studio Solution File, Format Version 12.00
# Visual Studio Version 16
VisualStudioVersion = 16.0.0.0
MinimumVisualStudioVersion = 16.0.0.0
Project("{9A19103F-16F7-4668-BE54-9A1E7A4F7556}") = "auth-intAuto-e", "auth-intAuto-e\auth-intAuto-e.csproj", "{83E157A7-D2E1-4482-AB6D-1E23DE00FDE1}"
EndProject
Project("{9A19103F-16F7-4668-BE54-9A1E7A4F7556}") = "auth-intAuto-e.Client", "auth-intAuto-e.Client\auth-intAuto-e.Client.csproj", "{26E83CEC-F31F-42C0-BB96-8B44A6274DD3}"
EndProject
Global
	GlobalSection(SolutionConfigurationPlatforms) = preSolution
		Debug|Any CPU = Debug|Any CPU
		Debug|x64 = Debug|x64
		Debug|x86 = Debug|x86
		Release|Any CPU = Release|Any CPU
		Release|x64 = Release|x64
		Release|x86 = Release|x86
	EndGlobalSection
	GlobalSection(ProjectConfigurationPlatforms) = postSolution
		{26E83CEC-F31F-42C0-BB96-8B44A6274DD3}.Debug|Any CPU.ActiveCfg = Debug|Any CPU
		{26E83CEC-F31F-42C0-BB96-8B44A6274DD3}.Debug|Any CPU.Build.0 = Debug|Any CPU
		{26E83CEC-F31F-42C0-BB96-8B44A6274DD3}.Debug|x64.ActiveCfg = Debug|Any CPU
		{26E83CEC-F31F-42C0-BB96-8B44A6274DD3}.Debug|x64.Build.0 = Debug|Any CPU
		{26E83CEC-F31F-42C0-BB96-8B44A6274DD3}.Debug|x86.ActiveCfg = Debug|Any CPU
		{26E83CEC-F31F-42C0-BB96-8B44A6274DD3}.Debug|x86.Build.0 = Debug|Any CPU
		{26E83CEC-F31F-42C0-BB96-8B44A6274DD3}.Release|Any CPU.ActiveCfg = Release|Any CPU
		{26E83CEC-F31F-42C0-BB96-8B44A6274DD3}.Release|Any CPU.Build.0 = Release|Any CPU
		{26E83CEC-F31F-42C0-BB96-8B44A6274DD3}.Release|x64.ActiveCfg = Release|Any CPU
		{26E83CEC-F31F-42C0-BB96-8B44A6274DD3}.Release|x64.Build.0 = Release|Any CPU
		{26E83CEC-F31F-42C0-BB96-8B44A6274DD3}.Release|x86.ActiveCfg = Release|Any CPU
		{26E83CEC-F31F-42C0-BB96-8B44A6274DD3}.Release|x86.Build.0 = Release|Any CPU
		{83E157A7-D2E1-4482-AB6D-1E23DE00FDE1}.Debug|Any CPU.ActiveCfg = Debug|Any CPU
		{83E157A7-D2E1-4482-AB6D-1E23DE00FDE1}.Debug|Any CPU.Build.0 = Debug|Any CPU
		{83E157A7-D2E1-4482-AB6D-1E23DE00FDE1}.Debug|x64.ActiveCfg = Debug|Any CPU
		{83E157A7-D2E1-4482-AB6D-1E23DE00FDE1}.Debug|x64.Build.0 = Debug|Any CPU
		{83E157A7-D2E1-4482-AB6D-1E23DE00FDE1}.Debug|x86.ActiveCfg = Debug|Any CPU
		{83E157A7-D2E1-4482-AB6D-1E23DE00FDE1}.Debug|x86.Build.0 = Debug|Any CPU
		{83E157A7-D2E1-4482-AB6D-1E23DE00FDE1}.Release|Any CPU.ActiveCfg = Release|Any CPU
		{83E157A7-D2E1-4482-AB6D-1E23DE00FDE1}.Release|Any CPU.Build.0 = Release|Any CPU
		{83E157A7-D2E1-4482-AB6D-1E23DE00FDE1}.Release|x64.ActiveCfg = Release|Any CPU
		{83E157A7-D2E1-4482-AB6D-1E23DE00FDE1}.Release|x64.Build.0 = Release|Any CPU
		{83E157A7-D2E1-4482-AB6D-1E23DE00FDE1}.Release|x86.ActiveCfg = Release|Any CPU
		{83E157A7-D2E1-4482-AB6D-1E23DE00FDE1}.Release|x86.Build.0 = Release|Any CPU
	EndGlobalSection
	GlobalSection(SolutionProperties) = preSolution
		HideSolutionNode = FALSE
	EndGlobalSection
	GlobalSection(ExtensibilityGlobals) = postSolution
		SolutionGuid = {421CE948-1353-48B4-A395-AD0163CD8330}
	EndGlobalSection
EndGlobal
