Microsoft Visual Studio Solution File, Format Version 12.00
# Visual Studio Version 16
VisualStudioVersion = 16.0.0.0
MinimumVisualStudioVersion = 16.0.0.0
Project("{9A19103F-16F7-4668-BE54-9A1E7A4F7556}") = "auth-intAuto-uld-e-upm", "auth-intAuto-uld-e-upm\auth-intAuto-uld-e-upm.csproj", "{FA78CE6F-2C79-4AC0-AAC5-4FE21CB65C6A}"
EndProject
Project("{9A19103F-16F7-4668-BE54-9A1E7A4F7556}") = "auth-intAuto-uld-e-upm.Client", "auth-intAuto-uld-e-upm.Client\auth-intAuto-uld-e-upm.Client.csproj", "{967BE194-133D-4906-A74F-4B05AD9EE14E}"
EndProject
Global
	GlobalSection(SolutionConfigurationPlatforms) = preSolution
		Debug|Any CPU = Debug|Any CPU
		Debug|x64 = Debug|x64
		Debug|x86 = Debug|x86
		Release|Any CPU = Release|Any CPU
		Release|x64 = Release|x64
		Release|x86 = Release|x86
	EndGlobalSection
	GlobalSection(ProjectConfigurationPlatforms) = postSolution
		{967BE194-133D-4906-A74F-4B05AD9EE14E}.Debug|Any CPU.ActiveCfg = Debug|Any CPU
		{967BE194-133D-4906-A74F-4B05AD9EE14E}.Debug|Any CPU.Build.0 = Debug|Any CPU
		{967BE194-133D-4906-A74F-4B05AD9EE14E}.Debug|x64.ActiveCfg = Debug|Any CPU
		{967BE194-133D-4906-A74F-4B05AD9EE14E}.Debug|x64.Build.0 = Debug|Any CPU
		{967BE194-133D-4906-A74F-4B05AD9EE14E}.Debug|x86.ActiveCfg = Debug|Any CPU
		{967BE194-133D-4906-A74F-4B05AD9EE14E}.Debug|x86.Build.0 = Debug|Any CPU
		{967BE194-133D-4906-A74F-4B05AD9EE14E}.Release|Any CPU.ActiveCfg = Release|Any CPU
		{967BE194-133D-4906-A74F-4B05AD9EE14E}.Release|Any CPU.Build.0 = Release|Any CPU
		{967BE194-133D-4906-A74F-4B05AD9EE14E}.Release|x64.ActiveCfg = Release|Any CPU
		{967BE194-133D-4906-A74F-4B05AD9EE14E}.Release|x64.Build.0 = Release|Any CPU
		{967BE194-133D-4906-A74F-4B05AD9EE14E}.Release|x86.ActiveCfg = Release|Any CPU
		{967BE194-133D-4906-A74F-4B05AD9EE14E}.Release|x86.Build.0 = Release|Any CPU
		{FA78CE6F-2C79-4AC0-AAC5-4FE21CB65C6A}.Debug|Any CPU.ActiveCfg = Debug|Any CPU
		{FA78CE6F-2C79-4AC0-AAC5-4FE21CB65C6A}.Debug|Any CPU.Build.0 = Debug|Any CPU
		{FA78CE6F-2C79-4AC0-AAC5-4FE21CB65C6A}.Debug|x64.ActiveCfg = Debug|Any CPU
		{FA78CE6F-2C79-4AC0-AAC5-4FE21CB65C6A}.Debug|x64.Build.0 = Debug|Any CPU
		{FA78CE6F-2C79-4AC0-AAC5-4FE21CB65C6A}.Debug|x86.ActiveCfg = Debug|Any CPU
		{FA78CE6F-2C79-4AC0-AAC5-4FE21CB65C6A}.Debug|x86.Build.0 = Debug|Any CPU
		{FA78CE6F-2C79-4AC0-AAC5-4FE21CB65C6A}.Release|Any CPU.ActiveCfg = Release|Any CPU
		{FA78CE6F-2C79-4AC0-AAC5-4FE21CB65C6A}.Release|Any CPU.Build.0 = Release|Any CPU
		{FA78CE6F-2C79-4AC0-AAC5-4FE21CB65C6A}.Release|x64.ActiveCfg = Release|Any CPU
		{FA78CE6F-2C79-4AC0-AAC5-4FE21CB65C6A}.Release|x64.Build.0 = Release|Any CPU
		{FA78CE6F-2C79-4AC0-AAC5-4FE21CB65C6A}.Release|x86.ActiveCfg = Release|Any CPU
		{FA78CE6F-2C79-4AC0-AAC5-4FE21CB65C6A}.Release|x86.Build.0 = Release|Any CPU
	EndGlobalSection
	GlobalSection(SolutionProperties) = preSolution
		HideSolutionNode = FALSE
	EndGlobalSection
	GlobalSection(ExtensibilityGlobals) = postSolution
		SolutionGuid = {81E1CC1B-0C73-4618-9FD7-A6E10E8690B1}
	EndGlobalSection
EndGlobal
