Microsoft Visual Studio Solution File, Format Version 12.00
# Visual Studio Version 16
VisualStudioVersion = 16.0.0.0
MinimumVisualStudioVersion = 16.0.0.0
Project("{9A19103F-16F7-4668-BE54-9A1E7A4F7556}") = "auth-ai-intWebAssembly-uld-e-upm", "auth-ai-intWebAssembly-uld-e-upm\auth-ai-intWebAssembly-uld-e-upm.csproj", "{C09BFBD9-6359-4577-A627-4601E33AD77B}"
EndProject
Project("{9A19103F-16F7-4668-BE54-9A1E7A4F7556}") = "auth-ai-intWebAssembly-uld-e-upm.Client", "auth-ai-intWebAssembly-uld-e-upm.Client\auth-ai-intWebAssembly-uld-e-upm.Client.csproj", "{131DE69A-EFC2-45E9-90D7-39C413B27A52}"
EndProject
Global
	GlobalSection(SolutionConfigurationPlatforms) = preSolution
		Debug|Any CPU = Debug|Any CPU
		Debug|x64 = Debug|x64
		Debug|x86 = Debug|x86
		Release|Any CPU = Release|Any CPU
		Release|x64 = Release|x64
		Release|x86 = Release|x86
	EndGlobalSection
	GlobalSection(ProjectConfigurationPlatforms) = postSolution
		{131DE69A-EFC2-45E9-90D7-39C413B27A52}.Debug|Any CPU.ActiveCfg = Debug|Any CPU
		{131DE69A-EFC2-45E9-90D7-39C413B27A52}.Debug|Any CPU.Build.0 = Debug|Any CPU
		{131DE69A-EFC2-45E9-90D7-39C413B27A52}.Debug|x64.ActiveCfg = Debug|Any CPU
		{131DE69A-EFC2-45E9-90D7-39C413B27A52}.Debug|x64.Build.0 = Debug|Any CPU
		{131DE69A-EFC2-45E9-90D7-39C413B27A52}.Debug|x86.ActiveCfg = Debug|Any CPU
		{131DE69A-EFC2-45E9-90D7-39C413B27A52}.Debug|x86.Build.0 = Debug|Any CPU
		{131DE69A-EFC2-45E9-90D7-39C413B27A52}.Release|Any CPU.ActiveCfg = Release|Any CPU
		{131DE69A-EFC2-45E9-90D7-39C413B27A52}.Release|Any CPU.Build.0 = Release|Any CPU
		{131DE69A-EFC2-45E9-90D7-39C413B27A52}.Release|x64.ActiveCfg = Release|Any CPU
		{131DE69A-EFC2-45E9-90D7-39C413B27A52}.Release|x64.Build.0 = Release|Any CPU
		{131DE69A-EFC2-45E9-90D7-39C413B27A52}.Release|x86.ActiveCfg = Release|Any CPU
		{131DE69A-EFC2-45E9-90D7-39C413B27A52}.Release|x86.Build.0 = Release|Any CPU
		{C09BFBD9-6359-4577-A627-4601E33AD77B}.Debug|Any CPU.ActiveCfg = Debug|Any CPU
		{C09BFBD9-6359-4577-A627-4601E33AD77B}.Debug|Any CPU.Build.0 = Debug|Any CPU
		{C09BFBD9-6359-4577-A627-4601E33AD77B}.Debug|x64.ActiveCfg = Debug|Any CPU
		{C09BFBD9-6359-4577-A627-4601E33AD77B}.Debug|x64.Build.0 = Debug|Any CPU
		{C09BFBD9-6359-4577-A627-4601E33AD77B}.Debug|x86.ActiveCfg = Debug|Any CPU
		{C09BFBD9-6359-4577-A627-4601E33AD77B}.Debug|x86.Build.0 = Debug|Any CPU
		{C09BFBD9-6359-4577-A627-4601E33AD77B}.Release|Any CPU.ActiveCfg = Release|Any CPU
		{C09BFBD9-6359-4577-A627-4601E33AD77B}.Release|Any CPU.Build.0 = Release|Any CPU
		{C09BFBD9-6359-4577-A627-4601E33AD77B}.Release|x64.ActiveCfg = Release|Any CPU
		{C09BFBD9-6359-4577-A627-4601E33AD77B}.Release|x64.Build.0 = Release|Any CPU
		{C09BFBD9-6359-4577-A627-4601E33AD77B}.Release|x86.ActiveCfg = Release|Any CPU
		{C09BFBD9-6359-4577-A627-4601E33AD77B}.Release|x86.Build.0 = Release|Any CPU
	EndGlobalSection
	GlobalSection(SolutionProperties) = preSolution
		HideSolutionNode = FALSE
	EndGlobalSection
	GlobalSection(ExtensibilityGlobals) = postSolution
		SolutionGuid = {34733D2A-A6D4-4446-850A-2D35DEF5716B}
	EndGlobalSection
EndGlobal
