Microsoft Visual Studio Solution File, Format Version 12.00
# Visual Studio Version 16
VisualStudioVersion = 16.0.0.0
MinimumVisualStudioVersion = 16.0.0.0
Project("{9A19103F-16F7-4668-BE54-9A1E7A4F7556}") = "noAuth-intAuto-upm", "noAuth-intAuto-upm\noAuth-intAuto-upm.csproj", "{03A99F65-0CD5-418A-A79D-CFC21EAC91CA}"
EndProject
Project("{9A19103F-16F7-4668-BE54-9A1E7A4F7556}") = "noAuth-intAuto-upm.Client", "noAuth-intAuto-upm.Client\noAuth-intAuto-upm.Client.csproj", "{0105C0B2-43C3-44D8-9E25-01632274B09F}"
EndProject
Global
	GlobalSection(SolutionConfigurationPlatforms) = preSolution
		Debug|Any CPU = Debug|Any CPU
		Debug|x64 = Debug|x64
		Debug|x86 = Debug|x86
		Release|Any CPU = Release|Any CPU
		Release|x64 = Release|x64
		Release|x86 = Release|x86
	EndGlobalSection
	GlobalSection(ProjectConfigurationPlatforms) = postSolution
		{0105C0B2-43C3-44D8-9E25-01632274B09F}.Debug|Any CPU.ActiveCfg = Debug|Any CPU
		{0105C0B2-43C3-44D8-9E25-01632274B09F}.Debug|Any CPU.Build.0 = Debug|Any CPU
		{0105C0B2-43C3-44D8-9E25-01632274B09F}.Debug|x64.ActiveCfg = Debug|Any CPU
		{0105C0B2-43C3-44D8-9E25-01632274B09F}.Debug|x64.Build.0 = Debug|Any CPU
		{0105C0B2-43C3-44D8-9E25-01632274B09F}.Debug|x86.ActiveCfg = Debug|Any CPU
		{0105C0B2-43C3-44D8-9E25-01632274B09F}.Debug|x86.Build.0 = Debug|Any CPU
		{0105C0B2-43C3-44D8-9E25-01632274B09F}.Release|Any CPU.ActiveCfg = Release|Any CPU
		{0105C0B2-43C3-44D8-9E25-01632274B09F}.Release|Any CPU.Build.0 = Release|Any CPU
		{0105C0B2-43C3-44D8-9E25-01632274B09F}.Release|x64.ActiveCfg = Release|Any CPU
		{0105C0B2-43C3-44D8-9E25-01632274B09F}.Release|x64.Build.0 = Release|Any CPU
		{0105C0B2-43C3-44D8-9E25-01632274B09F}.Release|x86.ActiveCfg = Release|Any CPU
		{0105C0B2-43C3-44D8-9E25-01632274B09F}.Release|x86.Build.0 = Release|Any CPU
		{03A99F65-0CD5-418A-A79D-CFC21EAC91CA}.Debug|Any CPU.ActiveCfg = Debug|Any CPU
		{03A99F65-0CD5-418A-A79D-CFC21EAC91CA}.Debug|Any CPU.Build.0 = Debug|Any CPU
		{03A99F65-0CD5-418A-A79D-CFC21EAC91CA}.Debug|x64.ActiveCfg = Debug|Any CPU
		{03A99F65-0CD5-418A-A79D-CFC21EAC91CA}.Debug|x64.Build.0 = Debug|Any CPU
		{03A99F65-0CD5-418A-A79D-CFC21EAC91CA}.Debug|x86.ActiveCfg = Debug|Any CPU
		{03A99F65-0CD5-418A-A79D-CFC21EAC91CA}.Debug|x86.Build.0 = Debug|Any CPU
		{03A99F65-0CD5-418A-A79D-CFC21EAC91CA}.Release|Any CPU.ActiveCfg = Release|Any CPU
		{03A99F65-0CD5-418A-A79D-CFC21EAC91CA}.Release|Any CPU.Build.0 = Release|Any CPU
		{03A99F65-0CD5-418A-A79D-CFC21EAC91CA}.Release|x64.ActiveCfg = Release|Any CPU
		{03A99F65-0CD5-418A-A79D-CFC21EAC91CA}.Release|x64.Build.0 = Release|Any CPU
		{03A99F65-0CD5-418A-A79D-CFC21EAC91CA}.Release|x86.ActiveCfg = Release|Any CPU
		{03A99F65-0CD5-418A-A79D-CFC21EAC91CA}.Release|x86.Build.0 = Release|Any CPU
	EndGlobalSection
	GlobalSection(SolutionProperties) = preSolution
		HideSolutionNode = FALSE
	EndGlobalSection
	GlobalSection(ExtensibilityGlobals) = postSolution
		SolutionGuid = {66C76E92-9AE9-4E86-905E-DE1CAA062FFC}
	EndGlobalSection
EndGlobal
