Microsoft Visual Studio Solution File, Format Version 12.00
# Visual Studio Version 16
VisualStudioVersion = 16.0.0.0
MinimumVisualStudioVersion = 16.0.0.0
Project("{9A19103F-16F7-4668-BE54-9A1E7A4F7556}") = "noAuth-intAuto-upm", "noAuth-intAuto-upm\noAuth-intAuto-upm.csproj", "{E90C201A-74E3-4334-8A40-DCB077B038BF}"
EndProject
Project("{9A19103F-16F7-4668-BE54-9A1E7A4F7556}") = "noAuth-intAuto-upm.Client", "noAuth-intAuto-upm.Client\noAuth-intAuto-upm.Client.csproj", "{BEB4F44C-9E70-46CC-BCAF-DB6E9085D34F}"
EndProject
Global
	GlobalSection(SolutionConfigurationPlatforms) = preSolution
		Debug|Any CPU = Debug|Any CPU
		Debug|x64 = Debug|x64
		Debug|x86 = Debug|x86
		Release|Any CPU = Release|Any CPU
		Release|x64 = Release|x64
		Release|x86 = Release|x86
	EndGlobalSection
	GlobalSection(ProjectConfigurationPlatforms) = postSolution
		{BEB4F44C-9E70-46CC-BCAF-DB6E9085D34F}.Debug|Any CPU.ActiveCfg = Debug|Any CPU
		{BEB4F44C-9E70-46CC-BCAF-DB6E9085D34F}.Debug|Any CPU.Build.0 = Debug|Any CPU
		{BEB4F44C-9E70-46CC-BCAF-DB6E9085D34F}.Debug|x64.ActiveCfg = Debug|Any CPU
		{BEB4F44C-9E70-46CC-BCAF-DB6E9085D34F}.Debug|x64.Build.0 = Debug|Any CPU
		{BEB4F44C-9E70-46CC-BCAF-DB6E9085D34F}.Debug|x86.ActiveCfg = Debug|Any CPU
		{BEB4F44C-9E70-46CC-BCAF-DB6E9085D34F}.Debug|x86.Build.0 = Debug|Any CPU
		{BEB4F44C-9E70-46CC-BCAF-DB6E9085D34F}.Release|Any CPU.ActiveCfg = Release|Any CPU
		{BEB4F44C-9E70-46CC-BCAF-DB6E9085D34F}.Release|Any CPU.Build.0 = Release|Any CPU
		{BEB4F44C-9E70-46CC-BCAF-DB6E9085D34F}.Release|x64.ActiveCfg = Release|Any CPU
		{BEB4F44C-9E70-46CC-BCAF-DB6E9085D34F}.Release|x64.Build.0 = Release|Any CPU
		{BEB4F44C-9E70-46CC-BCAF-DB6E9085D34F}.Release|x86.ActiveCfg = Release|Any CPU
		{BEB4F44C-9E70-46CC-BCAF-DB6E9085D34F}.Release|x86.Build.0 = Release|Any CPU
		{E90C201A-74E3-4334-8A40-DCB077B038BF}.Debug|Any CPU.ActiveCfg = Debug|Any CPU
		{E90C201A-74E3-4334-8A40-DCB077B038BF}.Debug|Any CPU.Build.0 = Debug|Any CPU
		{E90C201A-74E3-4334-8A40-DCB077B038BF}.Debug|x64.ActiveCfg = Debug|Any CPU
		{E90C201A-74E3-4334-8A40-DCB077B038BF}.Debug|x64.Build.0 = Debug|Any CPU
		{E90C201A-74E3-4334-8A40-DCB077B038BF}.Debug|x86.ActiveCfg = Debug|Any CPU
		{E90C201A-74E3-4334-8A40-DCB077B038BF}.Debug|x86.Build.0 = Debug|Any CPU
		{E90C201A-74E3-4334-8A40-DCB077B038BF}.Release|Any CPU.ActiveCfg = Release|Any CPU
		{E90C201A-74E3-4334-8A40-DCB077B038BF}.Release|Any CPU.Build.0 = Release|Any CPU
		{E90C201A-74E3-4334-8A40-DCB077B038BF}.Release|x64.ActiveCfg = Release|Any CPU
		{E90C201A-74E3-4334-8A40-DCB077B038BF}.Release|x64.Build.0 = Release|Any CPU
		{E90C201A-74E3-4334-8A40-DCB077B038BF}.Release|x86.ActiveCfg = Release|Any CPU
		{E90C201A-74E3-4334-8A40-DCB077B038BF}.Release|x86.Build.0 = Release|Any CPU
	EndGlobalSection
	GlobalSection(SolutionProperties) = preSolution
		HideSolutionNode = FALSE
	EndGlobalSection
	GlobalSection(ExtensibilityGlobals) = postSolution
		SolutionGuid = {261F6980-7D27-4509-85C1-C14F548F4942}
	EndGlobalSection
EndGlobal
