Microsoft Visual Studio Solution File, Format Version 12.00
# Visual Studio Version 16
VisualStudioVersion = 16.0.0.0
MinimumVisualStudioVersion = 16.0.0.0
Project("{9A19103F-16F7-4668-BE54-9A1E7A4F7556}") = "noAuth-ai-intWebAssembly", "noAuth-ai-intWebAssembly\noAuth-ai-intWebAssembly.csproj", "{CCC7C8D7-633E-4C83-8FD7-89DC6F0BDBA7}"
EndProject
Project("{9A19103F-16F7-4668-BE54-9A1E7A4F7556}") = "noAuth-ai-intWebAssembly.Client", "noAuth-ai-intWebAssembly.Client\noAuth-ai-intWebAssembly.Client.csproj", "{533D2534-B8C3-4785-8503-876337B7F8DE}"
EndProject
Global
	GlobalSection(SolutionConfigurationPlatforms) = preSolution
		Debug|Any CPU = Debug|Any CPU
		Debug|x64 = Debug|x64
		Debug|x86 = Debug|x86
		Release|Any CPU = Release|Any CPU
		Release|x64 = Release|x64
		Release|x86 = Release|x86
	EndGlobalSection
	GlobalSection(ProjectConfigurationPlatforms) = postSolution
		{533D2534-B8C3-4785-8503-876337B7F8DE}.Debug|Any CPU.ActiveCfg = Debug|Any CPU
		{533D2534-B8C3-4785-8503-876337B7F8DE}.Debug|Any CPU.Build.0 = Debug|Any CPU
		{533D2534-B8C3-4785-8503-876337B7F8DE}.Debug|x64.ActiveCfg = Debug|Any CPU
		{533D2534-B8C3-4785-8503-876337B7F8DE}.Debug|x64.Build.0 = Debug|Any CPU
		{533D2534-B8C3-4785-8503-876337B7F8DE}.Debug|x86.ActiveCfg = Debug|Any CPU
		{533D2534-B8C3-4785-8503-876337B7F8DE}.Debug|x86.Build.0 = Debug|Any CPU
		{533D2534-B8C3-4785-8503-876337B7F8DE}.Release|Any CPU.ActiveCfg = Release|Any CPU
		{533D2534-B8C3-4785-8503-876337B7F8DE}.Release|Any CPU.Build.0 = Release|Any CPU
		{533D2534-B8C3-4785-8503-876337B7F8DE}.Release|x64.ActiveCfg = Release|Any CPU
		{533D2534-B8C3-4785-8503-876337B7F8DE}.Release|x64.Build.0 = Release|Any CPU
		{533D2534-B8C3-4785-8503-876337B7F8DE}.Release|x86.ActiveCfg = Release|Any CPU
		{533D2534-B8C3-4785-8503-876337B7F8DE}.Release|x86.Build.0 = Release|Any CPU
		{CCC7C8D7-633E-4C83-8FD7-89DC6F0BDBA7}.Debug|Any CPU.ActiveCfg = Debug|Any CPU
		{CCC7C8D7-633E-4C83-8FD7-89DC6F0BDBA7}.Debug|Any CPU.Build.0 = Debug|Any CPU
		{CCC7C8D7-633E-4C83-8FD7-89DC6F0BDBA7}.Debug|x64.ActiveCfg = Debug|Any CPU
		{CCC7C8D7-633E-4C83-8FD7-89DC6F0BDBA7}.Debug|x64.Build.0 = Debug|Any CPU
		{CCC7C8D7-633E-4C83-8FD7-89DC6F0BDBA7}.Debug|x86.ActiveCfg = Debug|Any CPU
		{CCC7C8D7-633E-4C83-8FD7-89DC6F0BDBA7}.Debug|x86.Build.0 = Debug|Any CPU
		{CCC7C8D7-633E-4C83-8FD7-89DC6F0BDBA7}.Release|Any CPU.ActiveCfg = Release|Any CPU
		{CCC7C8D7-633E-4C83-8FD7-89DC6F0BDBA7}.Release|Any CPU.Build.0 = Release|Any CPU
		{CCC7C8D7-633E-4C83-8FD7-89DC6F0BDBA7}.Release|x64.ActiveCfg = Release|Any CPU
		{CCC7C8D7-633E-4C83-8FD7-89DC6F0BDBA7}.Release|x64.Build.0 = Release|Any CPU
		{CCC7C8D7-633E-4C83-8FD7-89DC6F0BDBA7}.Release|x86.ActiveCfg = Release|Any CPU
		{CCC7C8D7-633E-4C83-8FD7-89DC6F0BDBA7}.Release|x86.Build.0 = Release|Any CPU
	EndGlobalSection
	GlobalSection(SolutionProperties) = preSolution
		HideSolutionNode = FALSE
	EndGlobalSection
	GlobalSection(ExtensibilityGlobals) = postSolution
		SolutionGuid = {86C75E3E-F396-4935-BD51-C7B9146F0431}
	EndGlobalSection
EndGlobal
