Microsoft Visual Studio Solution File, Format Version 12.00
# Visual Studio Version 16
VisualStudioVersion = 16.0.0.0
MinimumVisualStudioVersion = 16.0.0.0
Project("{9A19103F-16F7-4668-BE54-9A1E7A4F7556}") = "auth-intAuto-uld-e", "auth-intAuto-uld-e\auth-intAuto-uld-e.csproj", "{FBA0F5DE-EAFB-42A1-B681-10D66101152E}"
EndProject
Project("{9A19103F-16F7-4668-BE54-9A1E7A4F7556}") = "auth-intAuto-uld-e.Client", "auth-intAuto-uld-e.Client\auth-intAuto-uld-e.Client.csproj", "{20C462D8-737A-4968-A28E-25940F46B15C}"
EndProject
Global
	GlobalSection(SolutionConfigurationPlatforms) = preSolution
		Debug|Any CPU = Debug|Any CPU
		Debug|x64 = Debug|x64
		Debug|x86 = Debug|x86
		Release|Any CPU = Release|Any CPU
		Release|x64 = Release|x64
		Release|x86 = Release|x86
	EndGlobalSection
	GlobalSection(ProjectConfigurationPlatforms) = postSolution
		{20C462D8-737A-4968-A28E-25940F46B15C}.Debug|Any CPU.ActiveCfg = Debug|Any CPU
		{20C462D8-737A-4968-A28E-25940F46B15C}.Debug|Any CPU.Build.0 = Debug|Any CPU
		{20C462D8-737A-4968-A28E-25940F46B15C}.Debug|x64.ActiveCfg = Debug|Any CPU
		{20C462D8-737A-4968-A28E-25940F46B15C}.Debug|x64.Build.0 = Debug|Any CPU
		{20C462D8-737A-4968-A28E-25940F46B15C}.Debug|x86.ActiveCfg = Debug|Any CPU
		{20C462D8-737A-4968-A28E-25940F46B15C}.Debug|x86.Build.0 = Debug|Any CPU
		{20C462D8-737A-4968-A28E-25940F46B15C}.Release|Any CPU.ActiveCfg = Release|Any CPU
		{20C462D8-737A-4968-A28E-25940F46B15C}.Release|Any CPU.Build.0 = Release|Any CPU
		{20C462D8-737A-4968-A28E-25940F46B15C}.Release|x64.ActiveCfg = Release|Any CPU
		{20C462D8-737A-4968-A28E-25940F46B15C}.Release|x64.Build.0 = Release|Any CPU
		{20C462D8-737A-4968-A28E-25940F46B15C}.Release|x86.ActiveCfg = Release|Any CPU
		{20C462D8-737A-4968-A28E-25940F46B15C}.Release|x86.Build.0 = Release|Any CPU
		{FBA0F5DE-EAFB-42A1-B681-10D66101152E}.Debug|Any CPU.ActiveCfg = Debug|Any CPU
		{FBA0F5DE-EAFB-42A1-B681-10D66101152E}.Debug|Any CPU.Build.0 = Debug|Any CPU
		{FBA0F5DE-EAFB-42A1-B681-10D66101152E}.Debug|x64.ActiveCfg = Debug|Any CPU
		{FBA0F5DE-EAFB-42A1-B681-10D66101152E}.Debug|x64.Build.0 = Debug|Any CPU
		{FBA0F5DE-EAFB-42A1-B681-10D66101152E}.Debug|x86.ActiveCfg = Debug|Any CPU
		{FBA0F5DE-EAFB-42A1-B681-10D66101152E}.Debug|x86.Build.0 = Debug|Any CPU
		{FBA0F5DE-EAFB-42A1-B681-10D66101152E}.Release|Any CPU.ActiveCfg = Release|Any CPU
		{FBA0F5DE-EAFB-42A1-B681-10D66101152E}.Release|Any CPU.Build.0 = Release|Any CPU
		{FBA0F5DE-EAFB-42A1-B681-10D66101152E}.Release|x64.ActiveCfg = Release|Any CPU
		{FBA0F5DE-EAFB-42A1-B681-10D66101152E}.Release|x64.Build.0 = Release|Any CPU
		{FBA0F5DE-EAFB-42A1-B681-10D66101152E}.Release|x86.ActiveCfg = Release|Any CPU
		{FBA0F5DE-EAFB-42A1-B681-10D66101152E}.Release|x86.Build.0 = Release|Any CPU
	EndGlobalSection
	GlobalSection(SolutionProperties) = preSolution
		HideSolutionNode = FALSE
	EndGlobalSection
	GlobalSection(ExtensibilityGlobals) = postSolution
		SolutionGuid = {0CF25CA8-66DE-49EF-9A55-8815648EB35D}
	EndGlobalSection
EndGlobal
