Microsoft Visual Studio Solution File, Format Version 12.00
# Visual Studio Version 16
VisualStudioVersion = 16.0.0.0
MinimumVisualStudioVersion = 16.0.0.0
Project("{9A19103F-16F7-4668-BE54-9A1E7A4F7556}") = "noAuth-ai-intWebAssembly-e-upm", "noAuth-ai-intWebAssembly-e-upm\noAuth-ai-intWebAssembly-e-upm.csproj", "{6A2843E8-CC15-49B4-B60A-B9C91C259B39}"
EndProject
Project("{9A19103F-16F7-4668-BE54-9A1E7A4F7556}") = "noAuth-ai-intWebAssembly-e-upm.Client", "noAuth-ai-intWebAssembly-e-upm.Client\noAuth-ai-intWebAssembly-e-upm.Client.csproj", "{9EF3A796-E485-498F-AAD9-56290D6BDFB6}"
EndProject
Global
	GlobalSection(SolutionConfigurationPlatforms) = preSolution
		Debug|Any CPU = Debug|Any CPU
		Debug|x64 = Debug|x64
		Debug|x86 = Debug|x86
		Release|Any CPU = Release|Any CPU
		Release|x64 = Release|x64
		Release|x86 = Release|x86
	EndGlobalSection
	GlobalSection(ProjectConfigurationPlatforms) = postSolution
		{9EF3A796-E485-498F-AAD9-56290D6BDFB6}.Debug|Any CPU.ActiveCfg = Debug|Any CPU
		{9EF3A796-E485-498F-AAD9-56290D6BDFB6}.Debug|Any CPU.Build.0 = Debug|Any CPU
		{9EF3A796-E485-498F-AAD9-56290D6BDFB6}.Debug|x64.ActiveCfg = Debug|Any CPU
		{9EF3A796-E485-498F-AAD9-56290D6BDFB6}.Debug|x64.Build.0 = Debug|Any CPU
		{9EF3A796-E485-498F-AAD9-56290D6BDFB6}.Debug|x86.ActiveCfg = Debug|Any CPU
		{9EF3A796-E485-498F-AAD9-56290D6BDFB6}.Debug|x86.Build.0 = Debug|Any CPU
		{9EF3A796-E485-498F-AAD9-56290D6BDFB6}.Release|Any CPU.ActiveCfg = Release|Any CPU
		{9EF3A796-E485-498F-AAD9-56290D6BDFB6}.Release|Any CPU.Build.0 = Release|Any CPU
		{9EF3A796-E485-498F-AAD9-56290D6BDFB6}.Release|x64.ActiveCfg = Release|Any CPU
		{9EF3A796-E485-498F-AAD9-56290D6BDFB6}.Release|x64.Build.0 = Release|Any CPU
		{9EF3A796-E485-498F-AAD9-56290D6BDFB6}.Release|x86.ActiveCfg = Release|Any CPU
		{9EF3A796-E485-498F-AAD9-56290D6BDFB6}.Release|x86.Build.0 = Release|Any CPU
		{6A2843E8-CC15-49B4-B60A-B9C91C259B39}.Debug|Any CPU.ActiveCfg = Debug|Any CPU
		{6A2843E8-CC15-49B4-B60A-B9C91C259B39}.Debug|Any CPU.Build.0 = Debug|Any CPU
		{6A2843E8-CC15-49B4-B60A-B9C91C259B39}.Debug|x64.ActiveCfg = Debug|Any CPU
		{6A2843E8-CC15-49B4-B60A-B9C91C259B39}.Debug|x64.Build.0 = Debug|Any CPU
		{6A2843E8-CC15-49B4-B60A-B9C91C259B39}.Debug|x86.ActiveCfg = Debug|Any CPU
		{6A2843E8-CC15-49B4-B60A-B9C91C259B39}.Debug|x86.Build.0 = Debug|Any CPU
		{6A2843E8-CC15-49B4-B60A-B9C91C259B39}.Release|Any CPU.ActiveCfg = Release|Any CPU
		{6A2843E8-CC15-49B4-B60A-B9C91C259B39}.Release|Any CPU.Build.0 = Release|Any CPU
		{6A2843E8-CC15-49B4-B60A-B9C91C259B39}.Release|x64.ActiveCfg = Release|Any CPU
		{6A2843E8-CC15-49B4-B60A-B9C91C259B39}.Release|x64.Build.0 = Release|Any CPU
		{6A2843E8-CC15-49B4-B60A-B9C91C259B39}.Release|x86.ActiveCfg = Release|Any CPU
		{6A2843E8-CC15-49B4-B60A-B9C91C259B39}.Release|x86.Build.0 = Release|Any CPU
	EndGlobalSection
	GlobalSection(SolutionProperties) = preSolution
		HideSolutionNode = FALSE
	EndGlobalSection
	GlobalSection(ExtensibilityGlobals) = postSolution
		SolutionGuid = {835BB60F-4420-423A-ADAE-51A667191664}
	EndGlobalSection
EndGlobal
