Microsoft Visual Studio Solution File, Format Version 12.00
# Visual Studio Version 16
VisualStudioVersion = 16.0.0.0
MinimumVisualStudioVersion = 16.0.0.0
Project("{9A19103F-16F7-4668-BE54-9A1E7A4F7556}") = "noAuth-ai-intAuto-e", "noAuth-ai-intAuto-e\noAuth-ai-intAuto-e.csproj", "{7C37BEE2-18C2-4A1C-B4D9-4F895B689A59}"
EndProject
Project("{9A19103F-16F7-4668-BE54-9A1E7A4F7556}") = "noAuth-ai-intAuto-e.Client", "noAuth-ai-intAuto-e.Client\noAuth-ai-intAuto-e.Client.csproj", "{0929D03F-4840-469A-B669-62A76D81ADBB}"
EndProject
Global
	GlobalSection(SolutionConfigurationPlatforms) = preSolution
		Debug|Any CPU = Debug|Any CPU
		Debug|x64 = Debug|x64
		Debug|x86 = Debug|x86
		Release|Any CPU = Release|Any CPU
		Release|x64 = Release|x64
		Release|x86 = Release|x86
	EndGlobalSection
	GlobalSection(ProjectConfigurationPlatforms) = postSolution
		{0929D03F-4840-469A-B669-62A76D81ADBB}.Debug|Any CPU.ActiveCfg = Debug|Any CPU
		{0929D03F-4840-469A-B669-62A76D81ADBB}.Debug|Any CPU.Build.0 = Debug|Any CPU
		{0929D03F-4840-469A-B669-62A76D81ADBB}.Debug|x64.ActiveCfg = Debug|Any CPU
		{0929D03F-4840-469A-B669-62A76D81ADBB}.Debug|x64.Build.0 = Debug|Any CPU
		{0929D03F-4840-469A-B669-62A76D81ADBB}.Debug|x86.ActiveCfg = Debug|Any CPU
		{0929D03F-4840-469A-B669-62A76D81ADBB}.Debug|x86.Build.0 = Debug|Any CPU
		{0929D03F-4840-469A-B669-62A76D81ADBB}.Release|Any CPU.ActiveCfg = Release|Any CPU
		{0929D03F-4840-469A-B669-62A76D81ADBB}.Release|Any CPU.Build.0 = Release|Any CPU
		{0929D03F-4840-469A-B669-62A76D81ADBB}.Release|x64.ActiveCfg = Release|Any CPU
		{0929D03F-4840-469A-B669-62A76D81ADBB}.Release|x64.Build.0 = Release|Any CPU
		{0929D03F-4840-469A-B669-62A76D81ADBB}.Release|x86.ActiveCfg = Release|Any CPU
		{0929D03F-4840-469A-B669-62A76D81ADBB}.Release|x86.Build.0 = Release|Any CPU
		{7C37BEE2-18C2-4A1C-B4D9-4F895B689A59}.Debug|Any CPU.ActiveCfg = Debug|Any CPU
		{7C37BEE2-18C2-4A1C-B4D9-4F895B689A59}.Debug|Any CPU.Build.0 = Debug|Any CPU
		{7C37BEE2-18C2-4A1C-B4D9-4F895B689A59}.Debug|x64.ActiveCfg = Debug|Any CPU
		{7C37BEE2-18C2-4A1C-B4D9-4F895B689A59}.Debug|x64.Build.0 = Debug|Any CPU
		{7C37BEE2-18C2-4A1C-B4D9-4F895B689A59}.Debug|x86.ActiveCfg = Debug|Any CPU
		{7C37BEE2-18C2-4A1C-B4D9-4F895B689A59}.Debug|x86.Build.0 = Debug|Any CPU
		{7C37BEE2-18C2-4A1C-B4D9-4F895B689A59}.Release|Any CPU.ActiveCfg = Release|Any CPU
		{7C37BEE2-18C2-4A1C-B4D9-4F895B689A59}.Release|Any CPU.Build.0 = Release|Any CPU
		{7C37BEE2-18C2-4A1C-B4D9-4F895B689A59}.Release|x64.ActiveCfg = Release|Any CPU
		{7C37BEE2-18C2-4A1C-B4D9-4F895B689A59}.Release|x64.Build.0 = Release|Any CPU
		{7C37BEE2-18C2-4A1C-B4D9-4F895B689A59}.Release|x86.ActiveCfg = Release|Any CPU
		{7C37BEE2-18C2-4A1C-B4D9-4F895B689A59}.Release|x86.Build.0 = Release|Any CPU
	EndGlobalSection
	GlobalSection(SolutionProperties) = preSolution
		HideSolutionNode = FALSE
	EndGlobalSection
	GlobalSection(ExtensibilityGlobals) = postSolution
		SolutionGuid = {740BC030-A897-4D91-B5C2-67A3644BF710}
	EndGlobalSection
EndGlobal
