Microsoft Visual Studio Solution File, Format Version 12.00
# Visual Studio Version 16
VisualStudioVersion = 16.0.0.0
MinimumVisualStudioVersion = 16.0.0.0
Project("{9A19103F-16F7-4668-BE54-9A1E7A4F7556}") = "noAuth-intAuto-uld-e-upm", "noAuth-intAuto-uld-e-upm\noAuth-intAuto-uld-e-upm.csproj", "{36E83567-0149-4F73-931A-77B44ED44BF7}"
EndProject
Project("{9A19103F-16F7-4668-BE54-9A1E7A4F7556}") = "noAuth-intAuto-uld-e-upm.Client", "noAuth-intAuto-uld-e-upm.Client\noAuth-intAuto-uld-e-upm.Client.csproj", "{53F00EEF-3388-449B-BBD1-0A88C8CE733A}"
EndProject
Global
	GlobalSection(SolutionConfigurationPlatforms) = preSolution
		Debug|Any CPU = Debug|Any CPU
		Debug|x64 = Debug|x64
		Debug|x86 = Debug|x86
		Release|Any CPU = Release|Any CPU
		Release|x64 = Release|x64
		Release|x86 = Release|x86
	EndGlobalSection
	GlobalSection(ProjectConfigurationPlatforms) = postSolution
		{53F00EEF-3388-449B-BBD1-0A88C8CE733A}.Debug|Any CPU.ActiveCfg = Debug|Any CPU
		{53F00EEF-3388-449B-BBD1-0A88C8CE733A}.Debug|Any CPU.Build.0 = Debug|Any CPU
		{53F00EEF-3388-449B-BBD1-0A88C8CE733A}.Debug|x64.ActiveCfg = Debug|Any CPU
		{53F00EEF-3388-449B-BBD1-0A88C8CE733A}.Debug|x64.Build.0 = Debug|Any CPU
		{53F00EEF-3388-449B-BBD1-0A88C8CE733A}.Debug|x86.ActiveCfg = Debug|Any CPU
		{53F00EEF-3388-449B-BBD1-0A88C8CE733A}.Debug|x86.Build.0 = Debug|Any CPU
		{53F00EEF-3388-449B-BBD1-0A88C8CE733A}.Release|Any CPU.ActiveCfg = Release|Any CPU
		{53F00EEF-3388-449B-BBD1-0A88C8CE733A}.Release|Any CPU.Build.0 = Release|Any CPU
		{53F00EEF-3388-449B-BBD1-0A88C8CE733A}.Release|x64.ActiveCfg = Release|Any CPU
		{53F00EEF-3388-449B-BBD1-0A88C8CE733A}.Release|x64.Build.0 = Release|Any CPU
		{53F00EEF-3388-449B-BBD1-0A88C8CE733A}.Release|x86.ActiveCfg = Release|Any CPU
		{53F00EEF-3388-449B-BBD1-0A88C8CE733A}.Release|x86.Build.0 = Release|Any CPU
		{36E83567-0149-4F73-931A-77B44ED44BF7}.Debug|Any CPU.ActiveCfg = Debug|Any CPU
		{36E83567-0149-4F73-931A-77B44ED44BF7}.Debug|Any CPU.Build.0 = Debug|Any CPU
		{36E83567-0149-4F73-931A-77B44ED44BF7}.Debug|x64.ActiveCfg = Debug|Any CPU
		{36E83567-0149-4F73-931A-77B44ED44BF7}.Debug|x64.Build.0 = Debug|Any CPU
		{36E83567-0149-4F73-931A-77B44ED44BF7}.Debug|x86.ActiveCfg = Debug|Any CPU
		{36E83567-0149-4F73-931A-77B44ED44BF7}.Debug|x86.Build.0 = Debug|Any CPU
		{36E83567-0149-4F73-931A-77B44ED44BF7}.Release|Any CPU.ActiveCfg = Release|Any CPU
		{36E83567-0149-4F73-931A-77B44ED44BF7}.Release|Any CPU.Build.0 = Release|Any CPU
		{36E83567-0149-4F73-931A-77B44ED44BF7}.Release|x64.ActiveCfg = Release|Any CPU
		{36E83567-0149-4F73-931A-77B44ED44BF7}.Release|x64.Build.0 = Release|Any CPU
		{36E83567-0149-4F73-931A-77B44ED44BF7}.Release|x86.ActiveCfg = Release|Any CPU
		{36E83567-0149-4F73-931A-77B44ED44BF7}.Release|x86.Build.0 = Release|Any CPU
	EndGlobalSection
	GlobalSection(SolutionProperties) = preSolution
		HideSolutionNode = FALSE
	EndGlobalSection
	GlobalSection(ExtensibilityGlobals) = postSolution
		SolutionGuid = {69D8EB36-76A4-4029-A3B2-EC7AC6D12765}
	EndGlobalSection
EndGlobal
