Microsoft Visual Studio Solution File, Format Version 12.00
# Visual Studio Version 16
VisualStudioVersion = 16.0.0.0
MinimumVisualStudioVersion = 16.0.0.0
Project("{9A19103F-16F7-4668-BE54-9A1E7A4F7556}") = "noAuth-ai-intAuto-uld-e", "noAuth-ai-intAuto-uld-e\noAuth-ai-intAuto-uld-e.csproj", "{034E605B-A0CC-489B-A561-0711BD394C7F}"
EndProject
Project("{9A19103F-16F7-4668-BE54-9A1E7A4F7556}") = "noAuth-ai-intAuto-uld-e.Client", "noAuth-ai-intAuto-uld-e.Client\noAuth-ai-intAuto-uld-e.Client.csproj", "{1FBEE47D-0E76-4139-8185-A09B1F18BA31}"
EndProject
Global
	GlobalSection(SolutionConfigurationPlatforms) = preSolution
		Debug|Any CPU = Debug|Any CPU
		Debug|x64 = Debug|x64
		Debug|x86 = Debug|x86
		Release|Any CPU = Release|Any CPU
		Release|x64 = Release|x64
		Release|x86 = Release|x86
	EndGlobalSection
	GlobalSection(ProjectConfigurationPlatforms) = postSolution
		{1FBEE47D-0E76-4139-8185-A09B1F18BA31}.Debug|Any CPU.ActiveCfg = Debug|Any CPU
		{1FBEE47D-0E76-4139-8185-A09B1F18BA31}.Debug|Any CPU.Build.0 = Debug|Any CPU
		{1FBEE47D-0E76-4139-8185-A09B1F18BA31}.Debug|x64.ActiveCfg = Debug|Any CPU
		{1FBEE47D-0E76-4139-8185-A09B1F18BA31}.Debug|x64.Build.0 = Debug|Any CPU
		{1FBEE47D-0E76-4139-8185-A09B1F18BA31}.Debug|x86.ActiveCfg = Debug|Any CPU
		{1FBEE47D-0E76-4139-8185-A09B1F18BA31}.Debug|x86.Build.0 = Debug|Any CPU
		{1FBEE47D-0E76-4139-8185-A09B1F18BA31}.Release|Any CPU.ActiveCfg = Release|Any CPU
		{1FBEE47D-0E76-4139-8185-A09B1F18BA31}.Release|Any CPU.Build.0 = Release|Any CPU
		{1FBEE47D-0E76-4139-8185-A09B1F18BA31}.Release|x64.ActiveCfg = Release|Any CPU
		{1FBEE47D-0E76-4139-8185-A09B1F18BA31}.Release|x64.Build.0 = Release|Any CPU
		{1FBEE47D-0E76-4139-8185-A09B1F18BA31}.Release|x86.ActiveCfg = Release|Any CPU
		{1FBEE47D-0E76-4139-8185-A09B1F18BA31}.Release|x86.Build.0 = Release|Any CPU
		{034E605B-A0CC-489B-A561-0711BD394C7F}.Debug|Any CPU.ActiveCfg = Debug|Any CPU
		{034E605B-A0CC-489B-A561-0711BD394C7F}.Debug|Any CPU.Build.0 = Debug|Any CPU
		{034E605B-A0CC-489B-A561-0711BD394C7F}.Debug|x64.ActiveCfg = Debug|Any CPU
		{034E605B-A0CC-489B-A561-0711BD394C7F}.Debug|x64.Build.0 = Debug|Any CPU
		{034E605B-A0CC-489B-A561-0711BD394C7F}.Debug|x86.ActiveCfg = Debug|Any CPU
		{034E605B-A0CC-489B-A561-0711BD394C7F}.Debug|x86.Build.0 = Debug|Any CPU
		{034E605B-A0CC-489B-A561-0711BD394C7F}.Release|Any CPU.ActiveCfg = Release|Any CPU
		{034E605B-A0CC-489B-A561-0711BD394C7F}.Release|Any CPU.Build.0 = Release|Any CPU
		{034E605B-A0CC-489B-A561-0711BD394C7F}.Release|x64.ActiveCfg = Release|Any CPU
		{034E605B-A0CC-489B-A561-0711BD394C7F}.Release|x64.Build.0 = Release|Any CPU
		{034E605B-A0CC-489B-A561-0711BD394C7F}.Release|x86.ActiveCfg = Release|Any CPU
		{034E605B-A0CC-489B-A561-0711BD394C7F}.Release|x86.Build.0 = Release|Any CPU
	EndGlobalSection
	GlobalSection(SolutionProperties) = preSolution
		HideSolutionNode = FALSE
	EndGlobalSection
	GlobalSection(ExtensibilityGlobals) = postSolution
		SolutionGuid = {B10BE55D-9602-4417-911E-2442D838BF89}
	EndGlobalSection
EndGlobal
