Microsoft Visual Studio Solution File, Format Version 12.00
# Visual Studio Version 16
VisualStudioVersion = 16.0.0.0
MinimumVisualStudioVersion = 16.0.0.0
Project("{9A19103F-16F7-4668-BE54-9A1E7A4F7556}") = "auth-ai-intAuto-uld-upm", "auth-ai-intAuto-uld-upm\auth-ai-intAuto-uld-upm.csproj", "{35D5D820-5FE9-4AA4-B897-C8DC6DF23ECB}"
EndProject
Project("{9A19103F-16F7-4668-BE54-9A1E7A4F7556}") = "auth-ai-intAuto-uld-upm.Client", "auth-ai-intAuto-uld-upm.Client\auth-ai-intAuto-uld-upm.Client.csproj", "{81C41A44-9AF7-4F3B-91A2-373F76E8D645}"
EndProject
Global
	GlobalSection(SolutionConfigurationPlatforms) = preSolution
		Debug|Any CPU = Debug|Any CPU
		Debug|x64 = Debug|x64
		Debug|x86 = Debug|x86
		Release|Any CPU = Release|Any CPU
		Release|x64 = Release|x64
		Release|x86 = Release|x86
	EndGlobalSection
	GlobalSection(ProjectConfigurationPlatforms) = postSolution
		{81C41A44-9AF7-4F3B-91A2-373F76E8D645}.Debug|Any CPU.ActiveCfg = Debug|Any CPU
		{81C41A44-9AF7-4F3B-91A2-373F76E8D645}.Debug|Any CPU.Build.0 = Debug|Any CPU
		{81C41A44-9AF7-4F3B-91A2-373F76E8D645}.Debug|x64.ActiveCfg = Debug|Any CPU
		{81C41A44-9AF7-4F3B-91A2-373F76E8D645}.Debug|x64.Build.0 = Debug|Any CPU
		{81C41A44-9AF7-4F3B-91A2-373F76E8D645}.Debug|x86.ActiveCfg = Debug|Any CPU
		{81C41A44-9AF7-4F3B-91A2-373F76E8D645}.Debug|x86.Build.0 = Debug|Any CPU
		{81C41A44-9AF7-4F3B-91A2-373F76E8D645}.Release|Any CPU.ActiveCfg = Release|Any CPU
		{81C41A44-9AF7-4F3B-91A2-373F76E8D645}.Release|Any CPU.Build.0 = Release|Any CPU
		{81C41A44-9AF7-4F3B-91A2-373F76E8D645}.Release|x64.ActiveCfg = Release|Any CPU
		{81C41A44-9AF7-4F3B-91A2-373F76E8D645}.Release|x64.Build.0 = Release|Any CPU
		{81C41A44-9AF7-4F3B-91A2-373F76E8D645}.Release|x86.ActiveCfg = Release|Any CPU
		{81C41A44-9AF7-4F3B-91A2-373F76E8D645}.Release|x86.Build.0 = Release|Any CPU
		{35D5D820-5FE9-4AA4-B897-C8DC6DF23ECB}.Debug|Any CPU.ActiveCfg = Debug|Any CPU
		{35D5D820-5FE9-4AA4-B897-C8DC6DF23ECB}.Debug|Any CPU.Build.0 = Debug|Any CPU
		{35D5D820-5FE9-4AA4-B897-C8DC6DF23ECB}.Debug|x64.ActiveCfg = Debug|Any CPU
		{35D5D820-5FE9-4AA4-B897-C8DC6DF23ECB}.Debug|x64.Build.0 = Debug|Any CPU
		{35D5D820-5FE9-4AA4-B897-C8DC6DF23ECB}.Debug|x86.ActiveCfg = Debug|Any CPU
		{35D5D820-5FE9-4AA4-B897-C8DC6DF23ECB}.Debug|x86.Build.0 = Debug|Any CPU
		{35D5D820-5FE9-4AA4-B897-C8DC6DF23ECB}.Release|Any CPU.ActiveCfg = Release|Any CPU
		{35D5D820-5FE9-4AA4-B897-C8DC6DF23ECB}.Release|Any CPU.Build.0 = Release|Any CPU
		{35D5D820-5FE9-4AA4-B897-C8DC6DF23ECB}.Release|x64.ActiveCfg = Release|Any CPU
		{35D5D820-5FE9-4AA4-B897-C8DC6DF23ECB}.Release|x64.Build.0 = Release|Any CPU
		{35D5D820-5FE9-4AA4-B897-C8DC6DF23ECB}.Release|x86.ActiveCfg = Release|Any CPU
		{35D5D820-5FE9-4AA4-B897-C8DC6DF23ECB}.Release|x86.Build.0 = Release|Any CPU
	EndGlobalSection
	GlobalSection(SolutionProperties) = preSolution
		HideSolutionNode = FALSE
	EndGlobalSection
	GlobalSection(ExtensibilityGlobals) = postSolution
		SolutionGuid = {FA59A6A5-B8F6-4AB9-BF60-0E961980FD04}
	EndGlobalSection
EndGlobal
