Microsoft Visual Studio Solution File, Format Version 12.00
# Visual Studio Version 16
VisualStudioVersion = 16.0.0.0
MinimumVisualStudioVersion = 16.0.0.0
Project("{9A19103F-16F7-4668-BE54-9A1E7A4F7556}") = "auth-ai-intWebAssembly-e-upm", "auth-ai-intWebAssembly-e-upm\auth-ai-intWebAssembly-e-upm.csproj", "{5C1483E8-FFB2-42D9-B563-FA08476DAF6B}"
EndProject
Project("{9A19103F-16F7-4668-BE54-9A1E7A4F7556}") = "auth-ai-intWebAssembly-e-upm.Client", "auth-ai-intWebAssembly-e-upm.Client\auth-ai-intWebAssembly-e-upm.Client.csproj", "{E38A9665-D46C-46FE-A923-9AE59AB8F47F}"
EndProject
Global
	GlobalSection(SolutionConfigurationPlatforms) = preSolution
		Debug|Any CPU = Debug|Any CPU
		Debug|x64 = Debug|x64
		Debug|x86 = Debug|x86
		Release|Any CPU = Release|Any CPU
		Release|x64 = Release|x64
		Release|x86 = Release|x86
	EndGlobalSection
	GlobalSection(ProjectConfigurationPlatforms) = postSolution
		{E38A9665-D46C-46FE-A923-9AE59AB8F47F}.Debug|Any CPU.ActiveCfg = Debug|Any CPU
		{E38A9665-D46C-46FE-A923-9AE59AB8F47F}.Debug|Any CPU.Build.0 = Debug|Any CPU
		{E38A9665-D46C-46FE-A923-9AE59AB8F47F}.Debug|x64.ActiveCfg = Debug|Any CPU
		{E38A9665-D46C-46FE-A923-9AE59AB8F47F}.Debug|x64.Build.0 = Debug|Any CPU
		{E38A9665-D46C-46FE-A923-9AE59AB8F47F}.Debug|x86.ActiveCfg = Debug|Any CPU
		{E38A9665-D46C-46FE-A923-9AE59AB8F47F}.Debug|x86.Build.0 = Debug|Any CPU
		{E38A9665-D46C-46FE-A923-9AE59AB8F47F}.Release|Any CPU.ActiveCfg = Release|Any CPU
		{E38A9665-D46C-46FE-A923-9AE59AB8F47F}.Release|Any CPU.Build.0 = Release|Any CPU
		{E38A9665-D46C-46FE-A923-9AE59AB8F47F}.Release|x64.ActiveCfg = Release|Any CPU
		{E38A9665-D46C-46FE-A923-9AE59AB8F47F}.Release|x64.Build.0 = Release|Any CPU
		{E38A9665-D46C-46FE-A923-9AE59AB8F47F}.Release|x86.ActiveCfg = Release|Any CPU
		{E38A9665-D46C-46FE-A923-9AE59AB8F47F}.Release|x86.Build.0 = Release|Any CPU
		{5C1483E8-FFB2-42D9-B563-FA08476DAF6B}.Debug|Any CPU.ActiveCfg = Debug|Any CPU
		{5C1483E8-FFB2-42D9-B563-FA08476DAF6B}.Debug|Any CPU.Build.0 = Debug|Any CPU
		{5C1483E8-FFB2-42D9-B563-FA08476DAF6B}.Debug|x64.ActiveCfg = Debug|Any CPU
		{5C1483E8-FFB2-42D9-B563-FA08476DAF6B}.Debug|x64.Build.0 = Debug|Any CPU
		{5C1483E8-FFB2-42D9-B563-FA08476DAF6B}.Debug|x86.ActiveCfg = Debug|Any CPU
		{5C1483E8-FFB2-42D9-B563-FA08476DAF6B}.Debug|x86.Build.0 = Debug|Any CPU
		{5C1483E8-FFB2-42D9-B563-FA08476DAF6B}.Release|Any CPU.ActiveCfg = Release|Any CPU
		{5C1483E8-FFB2-42D9-B563-FA08476DAF6B}.Release|Any CPU.Build.0 = Release|Any CPU
		{5C1483E8-FFB2-42D9-B563-FA08476DAF6B}.Release|x64.ActiveCfg = Release|Any CPU
		{5C1483E8-FFB2-42D9-B563-FA08476DAF6B}.Release|x64.Build.0 = Release|Any CPU
		{5C1483E8-FFB2-42D9-B563-FA08476DAF6B}.Release|x86.ActiveCfg = Release|Any CPU
		{5C1483E8-FFB2-42D9-B563-FA08476DAF6B}.Release|x86.Build.0 = Release|Any CPU
	EndGlobalSection
	GlobalSection(SolutionProperties) = preSolution
		HideSolutionNode = FALSE
	EndGlobalSection
	GlobalSection(ExtensibilityGlobals) = postSolution
		SolutionGuid = {568EC34C-4C5F-4386-A86D-FB88B7E441FB}
	EndGlobalSection
EndGlobal
