Microsoft Visual Studio Solution File, Format Version 12.00
# Visual Studio Version 16
VisualStudioVersion = 16.0.0.0
MinimumVisualStudioVersion = 16.0.0.0
Project("{9A19103F-16F7-4668-BE54-9A1E7A4F7556}") = "noAuth-ai-intAuto", "noAuth-ai-intAuto\noAuth-ai-intAuto.csproj", "{F111DC60-BAE9-4B68-8D86-60273AEADC1A}"
EndProject
Project("{9A19103F-16F7-4668-BE54-9A1E7A4F7556}") = "noAuth-ai-intAuto.Client", "noAuth-ai-intAuto.Client\noAuth-ai-intAuto.Client.csproj", "{A3E39964-0A10-4748-A5C9-CE84AE673496}"
EndProject
Global
	GlobalSection(SolutionConfigurationPlatforms) = preSolution
		Debug|Any CPU = Debug|Any CPU
		Debug|x64 = Debug|x64
		Debug|x86 = Debug|x86
		Release|Any CPU = Release|Any CPU
		Release|x64 = Release|x64
		Release|x86 = Release|x86
	EndGlobalSection
	GlobalSection(ProjectConfigurationPlatforms) = postSolution
		{A3E39964-0A10-4748-A5C9-CE84AE673496}.Debug|Any CPU.ActiveCfg = Debug|Any CPU
		{A3E39964-0A10-4748-A5C9-CE84AE673496}.Debug|Any CPU.Build.0 = Debug|Any CPU
		{A3E39964-0A10-4748-A5C9-CE84AE673496}.Debug|x64.ActiveCfg = Debug|Any CPU
		{A3E39964-0A10-4748-A5C9-CE84AE673496}.Debug|x64.Build.0 = Debug|Any CPU
		{A3E39964-0A10-4748-A5C9-CE84AE673496}.Debug|x86.ActiveCfg = Debug|Any CPU
		{A3E39964-0A10-4748-A5C9-CE84AE673496}.Debug|x86.Build.0 = Debug|Any CPU
		{A3E39964-0A10-4748-A5C9-CE84AE673496}.Release|Any CPU.ActiveCfg = Release|Any CPU
		{A3E39964-0A10-4748-A5C9-CE84AE673496}.Release|Any CPU.Build.0 = Release|Any CPU
		{A3E39964-0A10-4748-A5C9-CE84AE673496}.Release|x64.ActiveCfg = Release|Any CPU
		{A3E39964-0A10-4748-A5C9-CE84AE673496}.Release|x64.Build.0 = Release|Any CPU
		{A3E39964-0A10-4748-A5C9-CE84AE673496}.Release|x86.ActiveCfg = Release|Any CPU
		{A3E39964-0A10-4748-A5C9-CE84AE673496}.Release|x86.Build.0 = Release|Any CPU
		{F111DC60-BAE9-4B68-8D86-60273AEADC1A}.Debug|Any CPU.ActiveCfg = Debug|Any CPU
		{F111DC60-BAE9-4B68-8D86-60273AEADC1A}.Debug|Any CPU.Build.0 = Debug|Any CPU
		{F111DC60-BAE9-4B68-8D86-60273AEADC1A}.Debug|x64.ActiveCfg = Debug|Any CPU
		{F111DC60-BAE9-4B68-8D86-60273AEADC1A}.Debug|x64.Build.0 = Debug|Any CPU
		{F111DC60-BAE9-4B68-8D86-60273AEADC1A}.Debug|x86.ActiveCfg = Debug|Any CPU
		{F111DC60-BAE9-4B68-8D86-60273AEADC1A}.Debug|x86.Build.0 = Debug|Any CPU
		{F111DC60-BAE9-4B68-8D86-60273AEADC1A}.Release|Any CPU.ActiveCfg = Release|Any CPU
		{F111DC60-BAE9-4B68-8D86-60273AEADC1A}.Release|Any CPU.Build.0 = Release|Any CPU
		{F111DC60-BAE9-4B68-8D86-60273AEADC1A}.Release|x64.ActiveCfg = Release|Any CPU
		{F111DC60-BAE9-4B68-8D86-60273AEADC1A}.Release|x64.Build.0 = Release|Any CPU
		{F111DC60-BAE9-4B68-8D86-60273AEADC1A}.Release|x86.ActiveCfg = Release|Any CPU
		{F111DC60-BAE9-4B68-8D86-60273AEADC1A}.Release|x86.Build.0 = Release|Any CPU
	EndGlobalSection
	GlobalSection(SolutionProperties) = preSolution
		HideSolutionNode = FALSE
	EndGlobalSection
	GlobalSection(ExtensibilityGlobals) = postSolution
		SolutionGuid = {A5D77F56-E519-4EC3-A42F-A85C821E65B5}
	EndGlobalSection
EndGlobal
