Microsoft Visual Studio Solution File, Format Version 12.00
# Visual Studio Version 16
VisualStudioVersion = 16.0.0.0
MinimumVisualStudioVersion = 16.0.0.0
Project("{9A19103F-16F7-4668-BE54-9A1E7A4F7556}") = "auth-ai-intWebAssembly-upm", "auth-ai-intWebAssembly-upm\auth-ai-intWebAssembly-upm.csproj", "{2B416D69-9F12-4C27-8686-C1CBBF828F4C}"
EndProject
Project("{9A19103F-16F7-4668-BE54-9A1E7A4F7556}") = "auth-ai-intWebAssembly-upm.Client", "auth-ai-intWebAssembly-upm.Client\auth-ai-intWebAssembly-upm.Client.csproj", "{18A551EB-F22A-47C7-9B59-97F139381B83}"
EndProject
Global
	GlobalSection(SolutionConfigurationPlatforms) = preSolution
		Debug|Any CPU = Debug|Any CPU
		Debug|x64 = Debug|x64
		Debug|x86 = Debug|x86
		Release|Any CPU = Release|Any CPU
		Release|x64 = Release|x64
		Release|x86 = Release|x86
	EndGlobalSection
	GlobalSection(ProjectConfigurationPlatforms) = postSolution
		{18A551EB-F22A-47C7-9B59-97F139381B83}.Debug|Any CPU.ActiveCfg = Debug|Any CPU
		{18A551EB-F22A-47C7-9B59-97F139381B83}.Debug|Any CPU.Build.0 = Debug|Any CPU
		{18A551EB-F22A-47C7-9B59-97F139381B83}.Debug|x64.ActiveCfg = Debug|Any CPU
		{18A551EB-F22A-47C7-9B59-97F139381B83}.Debug|x64.Build.0 = Debug|Any CPU
		{18A551EB-F22A-47C7-9B59-97F139381B83}.Debug|x86.ActiveCfg = Debug|Any CPU
		{18A551EB-F22A-47C7-9B59-97F139381B83}.Debug|x86.Build.0 = Debug|Any CPU
		{18A551EB-F22A-47C7-9B59-97F139381B83}.Release|Any CPU.ActiveCfg = Release|Any CPU
		{18A551EB-F22A-47C7-9B59-97F139381B83}.Release|Any CPU.Build.0 = Release|Any CPU
		{18A551EB-F22A-47C7-9B59-97F139381B83}.Release|x64.ActiveCfg = Release|Any CPU
		{18A551EB-F22A-47C7-9B59-97F139381B83}.Release|x64.Build.0 = Release|Any CPU
		{18A551EB-F22A-47C7-9B59-97F139381B83}.Release|x86.ActiveCfg = Release|Any CPU
		{18A551EB-F22A-47C7-9B59-97F139381B83}.Release|x86.Build.0 = Release|Any CPU
		{2B416D69-9F12-4C27-8686-C1CBBF828F4C}.Debug|Any CPU.ActiveCfg = Debug|Any CPU
		{2B416D69-9F12-4C27-8686-C1CBBF828F4C}.Debug|Any CPU.Build.0 = Debug|Any CPU
		{2B416D69-9F12-4C27-8686-C1CBBF828F4C}.Debug|x64.ActiveCfg = Debug|Any CPU
		{2B416D69-9F12-4C27-8686-C1CBBF828F4C}.Debug|x64.Build.0 = Debug|Any CPU
		{2B416D69-9F12-4C27-8686-C1CBBF828F4C}.Debug|x86.ActiveCfg = Debug|Any CPU
		{2B416D69-9F12-4C27-8686-C1CBBF828F4C}.Debug|x86.Build.0 = Debug|Any CPU
		{2B416D69-9F12-4C27-8686-C1CBBF828F4C}.Release|Any CPU.ActiveCfg = Release|Any CPU
		{2B416D69-9F12-4C27-8686-C1CBBF828F4C}.Release|Any CPU.Build.0 = Release|Any CPU
		{2B416D69-9F12-4C27-8686-C1CBBF828F4C}.Release|x64.ActiveCfg = Release|Any CPU
		{2B416D69-9F12-4C27-8686-C1CBBF828F4C}.Release|x64.Build.0 = Release|Any CPU
		{2B416D69-9F12-4C27-8686-C1CBBF828F4C}.Release|x86.ActiveCfg = Release|Any CPU
		{2B416D69-9F12-4C27-8686-C1CBBF828F4C}.Release|x86.Build.0 = Release|Any CPU
	EndGlobalSection
	GlobalSection(SolutionProperties) = preSolution
		HideSolutionNode = FALSE
	EndGlobalSection
	GlobalSection(ExtensibilityGlobals) = postSolution
		SolutionGuid = {1ECEC0D8-10B7-4D15-85E8-2BDC71A75A1C}
	EndGlobalSection
EndGlobal
