Microsoft Visual Studio Solution File, Format Version 12.00
# Visual Studio Version 16
VisualStudioVersion = 16.0.0.0
MinimumVisualStudioVersion = 16.0.0.0
Project("{9A19103F-16F7-4668-BE54-9A1E7A4F7556}") = "noAuth-intWebAssembly-e-upm", "noAuth-intWebAssembly-e-upm\noAuth-intWebAssembly-e-upm.csproj", "{91F46BAC-BA6C-429F-96FF-270BEA28478D}"
EndProject
Project("{9A19103F-16F7-4668-BE54-9A1E7A4F7556}") = "noAuth-intWebAssembly-e-upm.Client", "noAuth-intWebAssembly-e-upm.Client\noAuth-intWebAssembly-e-upm.Client.csproj", "{73C89427-A707-4B85-BA1C-B068AA01E91E}"
EndProject
Global
	GlobalSection(SolutionConfigurationPlatforms) = preSolution
		Debug|Any CPU = Debug|Any CPU
		Debug|x64 = Debug|x64
		Debug|x86 = Debug|x86
		Release|Any CPU = Release|Any CPU
		Release|x64 = Release|x64
		Release|x86 = Release|x86
	EndGlobalSection
	GlobalSection(ProjectConfigurationPlatforms) = postSolution
		{73C89427-A707-4B85-BA1C-B068AA01E91E}.Debug|Any CPU.ActiveCfg = Debug|Any CPU
		{73C89427-A707-4B85-BA1C-B068AA01E91E}.Debug|Any CPU.Build.0 = Debug|Any CPU
		{73C89427-A707-4B85-BA1C-B068AA01E91E}.Debug|x64.ActiveCfg = Debug|Any CPU
		{73C89427-A707-4B85-BA1C-B068AA01E91E}.Debug|x64.Build.0 = Debug|Any CPU
		{73C89427-A707-4B85-BA1C-B068AA01E91E}.Debug|x86.ActiveCfg = Debug|Any CPU
		{73C89427-A707-4B85-BA1C-B068AA01E91E}.Debug|x86.Build.0 = Debug|Any CPU
		{73C89427-A707-4B85-BA1C-B068AA01E91E}.Release|Any CPU.ActiveCfg = Release|Any CPU
		{73C89427-A707-4B85-BA1C-B068AA01E91E}.Release|Any CPU.Build.0 = Release|Any CPU
		{73C89427-A707-4B85-BA1C-B068AA01E91E}.Release|x64.ActiveCfg = Release|Any CPU
		{73C89427-A707-4B85-BA1C-B068AA01E91E}.Release|x64.Build.0 = Release|Any CPU
		{73C89427-A707-4B85-BA1C-B068AA01E91E}.Release|x86.ActiveCfg = Release|Any CPU
		{73C89427-A707-4B85-BA1C-B068AA01E91E}.Release|x86.Build.0 = Release|Any CPU
		{91F46BAC-BA6C-429F-96FF-270BEA28478D}.Debug|Any CPU.ActiveCfg = Debug|Any CPU
		{91F46BAC-BA6C-429F-96FF-270BEA28478D}.Debug|Any CPU.Build.0 = Debug|Any CPU
		{91F46BAC-BA6C-429F-96FF-270BEA28478D}.Debug|x64.ActiveCfg = Debug|Any CPU
		{91F46BAC-BA6C-429F-96FF-270BEA28478D}.Debug|x64.Build.0 = Debug|Any CPU
		{91F46BAC-BA6C-429F-96FF-270BEA28478D}.Debug|x86.ActiveCfg = Debug|Any CPU
		{91F46BAC-BA6C-429F-96FF-270BEA28478D}.Debug|x86.Build.0 = Debug|Any CPU
		{91F46BAC-BA6C-429F-96FF-270BEA28478D}.Release|Any CPU.ActiveCfg = Release|Any CPU
		{91F46BAC-BA6C-429F-96FF-270BEA28478D}.Release|Any CPU.Build.0 = Release|Any CPU
		{91F46BAC-BA6C-429F-96FF-270BEA28478D}.Release|x64.ActiveCfg = Release|Any CPU
		{91F46BAC-BA6C-429F-96FF-270BEA28478D}.Release|x64.Build.0 = Release|Any CPU
		{91F46BAC-BA6C-429F-96FF-270BEA28478D}.Release|x86.ActiveCfg = Release|Any CPU
		{91F46BAC-BA6C-429F-96FF-270BEA28478D}.Release|x86.Build.0 = Release|Any CPU
	EndGlobalSection
	GlobalSection(SolutionProperties) = preSolution
		HideSolutionNode = FALSE
	EndGlobalSection
	GlobalSection(ExtensibilityGlobals) = postSolution
		SolutionGuid = {2228E120-0DB0-4D4C-B2BA-DD98368FE14F}
	EndGlobalSection
EndGlobal
