Microsoft Visual Studio Solution File, Format Version 12.00
# Visual Studio Version 16
VisualStudioVersion = 16.0.0.0
MinimumVisualStudioVersion = 16.0.0.0
Project("{9A19103F-16F7-4668-BE54-9A1E7A4F7556}") = "noAuth-ai-intWebAssembly-uld-e-upm", "noAuth-ai-intWebAssembly-uld-e-upm\noAuth-ai-intWebAssembly-uld-e-upm.csproj", "{1B05AE40-379A-4308-A2AA-82312DE702CB}"
EndProject
Project("{9A19103F-16F7-4668-BE54-9A1E7A4F7556}") = "noAuth-ai-intWebAssembly-uld-e-upm.Client", "noAuth-ai-intWebAssembly-uld-e-upm.Client\noAuth-ai-intWebAssembly-uld-e-upm.Client.csproj", "{5FA7BABC-E19F-4AFE-8EB6-2C2818D2231B}"
EndProject
Global
	GlobalSection(SolutionConfigurationPlatforms) = preSolution
		Debug|Any CPU = Debug|Any CPU
		Debug|x64 = Debug|x64
		Debug|x86 = Debug|x86
		Release|Any CPU = Release|Any CPU
		Release|x64 = Release|x64
		Release|x86 = Release|x86
	EndGlobalSection
	GlobalSection(ProjectConfigurationPlatforms) = postSolution
		{5FA7BABC-E19F-4AFE-8EB6-2C2818D2231B}.Debug|Any CPU.ActiveCfg = Debug|Any CPU
		{5FA7BABC-E19F-4AFE-8EB6-2C2818D2231B}.Debug|Any CPU.Build.0 = Debug|Any CPU
		{5FA7BABC-E19F-4AFE-8EB6-2C2818D2231B}.Debug|x64.ActiveCfg = Debug|Any CPU
		{5FA7BABC-E19F-4AFE-8EB6-2C2818D2231B}.Debug|x64.Build.0 = Debug|Any CPU
		{5FA7BABC-E19F-4AFE-8EB6-2C2818D2231B}.Debug|x86.ActiveCfg = Debug|Any CPU
		{5FA7BABC-E19F-4AFE-8EB6-2C2818D2231B}.Debug|x86.Build.0 = Debug|Any CPU
		{5FA7BABC-E19F-4AFE-8EB6-2C2818D2231B}.Release|Any CPU.ActiveCfg = Release|Any CPU
		{5FA7BABC-E19F-4AFE-8EB6-2C2818D2231B}.Release|Any CPU.Build.0 = Release|Any CPU
		{5FA7BABC-E19F-4AFE-8EB6-2C2818D2231B}.Release|x64.ActiveCfg = Release|Any CPU
		{5FA7BABC-E19F-4AFE-8EB6-2C2818D2231B}.Release|x64.Build.0 = Release|Any CPU
		{5FA7BABC-E19F-4AFE-8EB6-2C2818D2231B}.Release|x86.ActiveCfg = Release|Any CPU
		{5FA7BABC-E19F-4AFE-8EB6-2C2818D2231B}.Release|x86.Build.0 = Release|Any CPU
		{1B05AE40-379A-4308-A2AA-82312DE702CB}.Debug|Any CPU.ActiveCfg = Debug|Any CPU
		{1B05AE40-379A-4308-A2AA-82312DE702CB}.Debug|Any CPU.Build.0 = Debug|Any CPU
		{1B05AE40-379A-4308-A2AA-82312DE702CB}.Debug|x64.ActiveCfg = Debug|Any CPU
		{1B05AE40-379A-4308-A2AA-82312DE702CB}.Debug|x64.Build.0 = Debug|Any CPU
		{1B05AE40-379A-4308-A2AA-82312DE702CB}.Debug|x86.ActiveCfg = Debug|Any CPU
		{1B05AE40-379A-4308-A2AA-82312DE702CB}.Debug|x86.Build.0 = Debug|Any CPU
		{1B05AE40-379A-4308-A2AA-82312DE702CB}.Release|Any CPU.ActiveCfg = Release|Any CPU
		{1B05AE40-379A-4308-A2AA-82312DE702CB}.Release|Any CPU.Build.0 = Release|Any CPU
		{1B05AE40-379A-4308-A2AA-82312DE702CB}.Release|x64.ActiveCfg = Release|Any CPU
		{1B05AE40-379A-4308-A2AA-82312DE702CB}.Release|x64.Build.0 = Release|Any CPU
		{1B05AE40-379A-4308-A2AA-82312DE702CB}.Release|x86.ActiveCfg = Release|Any CPU
		{1B05AE40-379A-4308-A2AA-82312DE702CB}.Release|x86.Build.0 = Release|Any CPU
	EndGlobalSection
	GlobalSection(SolutionProperties) = preSolution
		HideSolutionNode = FALSE
	EndGlobalSection
	GlobalSection(ExtensibilityGlobals) = postSolution
		SolutionGuid = {5C1D01F9-A236-4115-8B69-271BC260C234}
	EndGlobalSection
EndGlobal
